// !$*UTF8*$!
{
	archiveVersion = 1;
	classes = {
	};
	objectVersion = 48;
	objects = {

/* Begin PBXBuildFile section */
		8F1218D1207B8AED000C2E48 /* HSDHttpConnection+Database.m in Sources */ = {isa = PBXBuildFile; fileRef = 8F1218BE207B8AED000C2E48 /* HSDHttpConnection+Database.m */; };
		8F1218D2207B8AED000C2E48 /* HSDHttpConnection+Explorer.m in Sources */ = {isa = PBXBuildFile; fileRef = 8F1218C0207B8AED000C2E48 /* HSDHttpConnection+Explorer.m */; };
		8F1218D3207B8AED000C2E48 /* HSDHttpConnection+Info.m in Sources */ = {isa = PBXBuildFile; fileRef = 8F1218C2207B8AED000C2E48 /* HSDHttpConnection+Info.m */; };
		8F1218D4207B8AED000C2E48 /* HSDHttpConnection+Preview.m in Sources */ = {isa = PBXBuildFile; fileRef = 8F1218C4207B8AED000C2E48 /* HSDHttpConnection+Preview.m */; };
		8F1218D5207B8AED000C2E48 /* HSDHttpConnection+View.m in Sources */ = {isa = PBXBuildFile; fileRef = 8F1218C6207B8AED000C2E48 /* HSDHttpConnection+View.m */; };
		8F1218D6207B8AED000C2E48 /* HSDHttpConnection.m in Sources */ = {isa = PBXBuildFile; fileRef = 8F1218C8207B8AED000C2E48 /* HSDHttpConnection.m */; };
		8F1218DB207B8B58000C2E48 /* HttpServerDebug.h in CopyFiles */ = {isa = PBXBuildFile; fileRef = 8F1218C9207B8AED000C2E48 /* HttpServerDebug.h */; };
		8F1218E6207B8C95000C2E48 /* HSDHttpServerControlPannelController.m in Sources */ = {isa = PBXBuildFile; fileRef = 8F1218DE207B8C95000C2E48 /* HSDHttpServerControlPannelController.m */; };
		8F1218E7207B8C95000C2E48 /* HSDDefine.m in Sources */ = {isa = PBXBuildFile; fileRef = 8F1218E1207B8C95000C2E48 /* HSDDefine.m */; };
		8F1218E8207B8C95000C2E48 /* HSDManager.m in Sources */ = {isa = PBXBuildFile; fileRef = 8F1218E3207B8C95000C2E48 /* HSDManager.m */; };
		8F1218E9207B8C95000C2E48 /* HSDUtility.m in Sources */ = {isa = PBXBuildFile; fileRef = 8F1218E5207B8C95000C2E48 /* HSDUtility.m */; };
		8F1218EA207B8CA2000C2E48 /* HSDHttpServerControlPannelController.h in CopyFiles */ = {isa = PBXBuildFile; fileRef = 8F1218DD207B8C95000C2E48 /* HSDHttpServerControlPannelController.h */; };
		8F1218EB207B8CA2000C2E48 /* HSDDelegate.h in CopyFiles */ = {isa = PBXBuildFile; fileRef = 8F1218DF207B8C95000C2E48 /* HSDDelegate.h */; };
		8F1218EC207B8CA2000C2E48 /* HSDManager.h in CopyFiles */ = {isa = PBXBuildFile; fileRef = 8F1218E2207B8C95000C2E48 /* HSDManager.h */; };
		8F1218F2207C5BB6000C2E48 /* HttpServerDebug.bundle in Resources */ = {isa = PBXBuildFile; fileRef = 8F1218F1207C5BB6000C2E48 /* HttpServerDebug.bundle */; };
		8F1218F8207C6357000C2E48 /* HSDWebSocket.m in Sources */ = {isa = PBXBuildFile; fileRef = 8F1218F7207C6357000C2E48 /* HSDWebSocket.m */; };
		8F1219B5207C9E97000C2E48 /* HSDConsoleLogController.m in Sources */ = {isa = PBXBuildFile; fileRef = 8F1219B4207C9E97000C2E48 /* HSDConsoleLogController.m */; };
		8F704BB21F3D52CC002E1FAF /* FMDatabase+FTS3.m in Sources */ = {isa = PBXBuildFile; fileRef = 8F704B921F3D5275002E1FAF /* FMDatabase+FTS3.m */; };
		8F704BB31F3D52DD002E1FAF /* FMTokenizers.m in Sources */ = {isa = PBXBuildFile; fileRef = 8F704B941F3D5275002E1FAF /* FMTokenizers.m */; };
		8F704BB41F3D52DD002E1FAF /* FMDatabase+InMemoryOnDiskIO.m in Sources */ = {isa = PBXBuildFile; fileRef = 8F704B981F3D5275002E1FAF /* FMDatabase+InMemoryOnDiskIO.m */; };
		8F704BB51F3D52DD002E1FAF /* FMDatabase.m in Sources */ = {isa = PBXBuildFile; fileRef = 8F704B9B1F3D5275002E1FAF /* FMDatabase.m */; };
		8F704BB61F3D52DD002E1FAF /* FMDatabaseAdditions.m in Sources */ = {isa = PBXBuildFile; fileRef = 8F704B9D1F3D5275002E1FAF /* FMDatabaseAdditions.m */; };
		8F704BB71F3D52DD002E1FAF /* FMDatabasePool.m in Sources */ = {isa = PBXBuildFile; fileRef = 8F704B9F1F3D5275002E1FAF /* FMDatabasePool.m */; };
		8F704BB81F3D52DD002E1FAF /* FMDatabaseQueue.m in Sources */ = {isa = PBXBuildFile; fileRef = 8F704BA11F3D5275002E1FAF /* FMDatabaseQueue.m */; };
		8F704BB91F3D52DD002E1FAF /* FMResultSet.m in Sources */ = {isa = PBXBuildFile; fileRef = 8F704BA41F3D5275002E1FAF /* FMResultSet.m */; };
		8FC544611FBAB40B00C1DAFC /* ZipArchive.m in Sources */ = {isa = PBXBuildFile; fileRef = 8FC544601FBAB3F500C1DAFC /* ZipArchive.m */; };
		8FC544621FBAB41500C1DAFC /* ioapi.c in Sources */ = {isa = PBXBuildFile; fileRef = 8FC544511FBAB3F500C1DAFC /* ioapi.c */; };
		8FC544651FBAB41500C1DAFC /* mztools.c in Sources */ = {isa = PBXBuildFile; fileRef = 8FC544591FBAB3F500C1DAFC /* mztools.c */; };
		8FC544661FBAB41500C1DAFC /* unzip.c in Sources */ = {isa = PBXBuildFile; fileRef = 8FC5445B1FBAB3F500C1DAFC /* unzip.c */; };
		8FC544671FBAB41500C1DAFC /* zip.c in Sources */ = {isa = PBXBuildFile; fileRef = 8FC5445D1FBAB3F500C1DAFC /* zip.c */; };
		8FF95F371F409D5A00DDC97F /* DDAbstractDatabaseLogger.m in Sources */ = {isa = PBXBuildFile; fileRef = 8FAC09E01F3C84E500D329B1 /* DDAbstractDatabaseLogger.m */; };
		8FF95F381F409D5A00DDC97F /* DDASLLogCapture.m in Sources */ = {isa = PBXBuildFile; fileRef = 8FAC09E21F3C84E500D329B1 /* DDASLLogCapture.m */; };
		8FF95F391F409D5A00DDC97F /* DDASLLogger.m in Sources */ = {isa = PBXBuildFile; fileRef = 8FAC09E41F3C84E500D329B1 /* DDASLLogger.m */; };
		8FF95F3A1F409D5A00DDC97F /* DDFileLogger.m in Sources */ = {isa = PBXBuildFile; fileRef = 8FAC09E71F3C84E500D329B1 /* DDFileLogger.m */; };
		8FF95F3B1F409D5A00DDC97F /* DDLog.m in Sources */ = {isa = PBXBuildFile; fileRef = 8FAC09EB1F3C84E500D329B1 /* DDLog.m */; };
		8FF95F3C1F409D5A00DDC97F /* DDOSLogger.m in Sources */ = {isa = PBXBuildFile; fileRef = 8FAC09EE1F3C84E500D329B1 /* DDOSLogger.m */; };
		8FF95F3D1F409D5A00DDC97F /* DDTTYLogger.m in Sources */ = {isa = PBXBuildFile; fileRef = 8FAC09F01F3C84E500D329B1 /* DDTTYLogger.m */; };
		8FF95F3E1F409D5A00DDC97F /* DDContextFilterLogFormatter.m in Sources */ = {isa = PBXBuildFile; fileRef = 8FAC09F31F3C84E500D329B1 /* DDContextFilterLogFormatter.m */; };
		8FF95F3F1F409D5A00DDC97F /* DDDispatchQueueLogFormatter.m in Sources */ = {isa = PBXBuildFile; fileRef = 8FAC09F51F3C84E500D329B1 /* DDDispatchQueueLogFormatter.m */; };
		8FF95F401F409D5A00DDC97F /* DDMultiFormatter.m in Sources */ = {isa = PBXBuildFile; fileRef = 8FAC09F71F3C84E500D329B1 /* DDMultiFormatter.m */; };
		8FF95F841F413C9C00DDC97F /* GCDAsyncSocket.m in Sources */ = {isa = PBXBuildFile; fileRef = 8FAC09A91F3C84E400D329B1 /* GCDAsyncSocket.m */; };
		8FF95F851F413C9C00DDC97F /* GCDAsyncUdpSocket.m in Sources */ = {isa = PBXBuildFile; fileRef = 8FAC09AB1F3C84E400D329B1 /* GCDAsyncUdpSocket.m */; };
		8FF95F951F413DBC00DDC97F /* DDData.m in Sources */ = {isa = PBXBuildFile; fileRef = 8FAC09B01F3C84E400D329B1 /* DDData.m */; };
		8FF95F961F413DBC00DDC97F /* DDNumber.m in Sources */ = {isa = PBXBuildFile; fileRef = 8FAC09B21F3C84E400D329B1 /* DDNumber.m */; };
		8FF95F971F413DBC00DDC97F /* DDRange.m in Sources */ = {isa = PBXBuildFile; fileRef = 8FAC09B41F3C84E400D329B1 /* DDRange.m */; };
		8FF95F981F413DBC00DDC97F /* HTTPAuthenticationRequest.m in Sources */ = {isa = PBXBuildFile; fileRef = 8FAC09B61F3C84E400D329B1 /* HTTPAuthenticationRequest.m */; };
		8FF95F991F413DBC00DDC97F /* HTTPConnection.m in Sources */ = {isa = PBXBuildFile; fileRef = 8FAC09B81F3C84E400D329B1 /* HTTPConnection.m */; };
		8FF95F9A1F413DBC00DDC97F /* HTTPMessage.m in Sources */ = {isa = PBXBuildFile; fileRef = 8FAC09BB1F3C84E400D329B1 /* HTTPMessage.m */; };
		8FF95F9B1F413DBC00DDC97F /* HTTPServer.m in Sources */ = {isa = PBXBuildFile; fileRef = 8FAC09BE1F3C84E400D329B1 /* HTTPServer.m */; };
		8FF95F9C1F413DBC00DDC97F /* MultipartFormDataParser.m in Sources */ = {isa = PBXBuildFile; fileRef = 8FAC09C11F3C84E400D329B1 /* MultipartFormDataParser.m */; };
		8FF95F9D1F413DBC00DDC97F /* MultipartMessageHeader.m in Sources */ = {isa = PBXBuildFile; fileRef = 8FAC09C31F3C84E400D329B1 /* MultipartMessageHeader.m */; };
		8FF95F9E1F413DBC00DDC97F /* MultipartMessageHeaderField.m in Sources */ = {isa = PBXBuildFile; fileRef = 8FAC09C51F3C84E400D329B1 /* MultipartMessageHeaderField.m */; };
		8FF95F9F1F413DBC00DDC97F /* HTTPAsyncFileResponse.m in Sources */ = {isa = PBXBuildFile; fileRef = 8FAC09C81F3C84E500D329B1 /* HTTPAsyncFileResponse.m */; };
		8FF95FA01F413DBC00DDC97F /* HTTPDataResponse.m in Sources */ = {isa = PBXBuildFile; fileRef = 8FAC09CA1F3C84E500D329B1 /* HTTPDataResponse.m */; };
		8FF95FA11F413DBC00DDC97F /* HTTPDynamicFileResponse.m in Sources */ = {isa = PBXBuildFile; fileRef = 8FAC09CC1F3C84E500D329B1 /* HTTPDynamicFileResponse.m */; };
		8FF95FA21F413DBC00DDC97F /* HTTPFileResponse.m in Sources */ = {isa = PBXBuildFile; fileRef = 8FAC09CE1F3C84E500D329B1 /* HTTPFileResponse.m */; };
		8FF95FA31F413DBC00DDC97F /* HTTPRedirectResponse.m in Sources */ = {isa = PBXBuildFile; fileRef = 8FAC09D01F3C84E500D329B1 /* HTTPRedirectResponse.m */; };
		8FF95FA41F413DBC00DDC97F /* WebSocket.m in Sources */ = {isa = PBXBuildFile; fileRef = 8FAC09D21F3C84E500D329B1 /* WebSocket.m */; };
		8FF95FA51F413DBC00DDC97F /* DAVConnection.m in Sources */ = {isa = PBXBuildFile; fileRef = 8FAC09D61F3C84E500D329B1 /* DAVConnection.m */; };
		8FF95FA61F413DBC00DDC97F /* DAVResponse.m in Sources */ = {isa = PBXBuildFile; fileRef = 8FAC09D81F3C84E500D329B1 /* DAVResponse.m */; };
		8FF95FA71F413DBC00DDC97F /* DELETEResponse.m in Sources */ = {isa = PBXBuildFile; fileRef = 8FAC09DA1F3C84E500D329B1 /* DELETEResponse.m */; };
		8FF95FA81F413DBC00DDC97F /* PUTResponse.m in Sources */ = {isa = PBXBuildFile; fileRef = 8FAC09DC1F3C84E500D329B1 /* PUTResponse.m */; };
		8FF95FAD1F413E6500DDC97F /* libxml2.2.dylib in Frameworks */ = {isa = PBXBuildFile; fileRef = 8FF95FAB1F413E5100DDC97F /* libxml2.2.dylib */; };
/* End PBXBuildFile section */

/* Begin PBXCopyFilesBuildPhase section */
		8F13E2B01F3C7B4500FF8881 /* CopyFiles */ = {
			isa = PBXCopyFilesBuildPhase;
			buildActionMask = 2147483647;
			dstPath = include;
			dstSubfolderSpec = 16;
			files = (
				8F1218EA207B8CA2000C2E48 /* HSDHttpServerControlPannelController.h in CopyFiles */,
				8F1218EB207B8CA2000C2E48 /* HSDDelegate.h in CopyFiles */,
				8F1218EC207B8CA2000C2E48 /* HSDManager.h in CopyFiles */,
				8F1218DB207B8B58000C2E48 /* HttpServerDebug.h in CopyFiles */,
			);
			runOnlyForDeploymentPostprocessing = 0;
		};
		8F704BA71F3D529E002E1FAF /* CopyFiles */ = {
			isa = PBXCopyFilesBuildPhase;
			buildActionMask = 2147483647;
			dstPath = "include/$(PRODUCT_NAME)";
			dstSubfolderSpec = 16;
			files = (
			);
			runOnlyForDeploymentPostprocessing = 0;
		};
		8F7E73F21FB9C3680044FD57 /* CopyFiles */ = {
			isa = PBXCopyFilesBuildPhase;
			buildActionMask = 2147483647;
			dstPath = "include/$(PRODUCT_NAME)";
			dstSubfolderSpec = 16;
			files = (
			);
			runOnlyForDeploymentPostprocessing = 0;
		};
		8FF95F2C1F409D3700DDC97F /* CopyFiles */ = {
			isa = PBXCopyFilesBuildPhase;
			buildActionMask = 2147483647;
			dstPath = "include/$(PRODUCT_NAME)";
			dstSubfolderSpec = 16;
			files = (
			);
			runOnlyForDeploymentPostprocessing = 0;
		};
		8FF95F791F413C8100DDC97F /* CopyFiles */ = {
			isa = PBXCopyFilesBuildPhase;
			buildActionMask = 2147483647;
			dstPath = "include/$(PRODUCT_NAME)";
			dstSubfolderSpec = 16;
			files = (
			);
			runOnlyForDeploymentPostprocessing = 0;
		};
		8FF95F8A1F413D9600DDC97F /* CopyFiles */ = {
			isa = PBXCopyFilesBuildPhase;
			buildActionMask = 2147483647;
			dstPath = "include/$(PRODUCT_NAME)";
			dstSubfolderSpec = 16;
			files = (
			);
			runOnlyForDeploymentPostprocessing = 0;
		};
/* End PBXCopyFilesBuildPhase section */

/* Begin PBXFileReference section */
		8F1218BD207B8AED000C2E48 /* HSDHttpConnection+Database.h */ = {isa = PBXFileReference; fileEncoding = 4; lastKnownFileType = sourcecode.c.h; path = "HSDHttpConnection+Database.h"; sourceTree = "<group>"; };
		8F1218BE207B8AED000C2E48 /* HSDHttpConnection+Database.m */ = {isa = PBXFileReference; fileEncoding = 4; lastKnownFileType = sourcecode.c.objc; path = "HSDHttpConnection+Database.m"; sourceTree = "<group>"; };
		8F1218BF207B8AED000C2E48 /* HSDHttpConnection+Explorer.h */ = {isa = PBXFileReference; fileEncoding = 4; lastKnownFileType = sourcecode.c.h; path = "HSDHttpConnection+Explorer.h"; sourceTree = "<group>"; };
		8F1218C0207B8AED000C2E48 /* HSDHttpConnection+Explorer.m */ = {isa = PBXFileReference; fileEncoding = 4; lastKnownFileType = sourcecode.c.objc; path = "HSDHttpConnection+Explorer.m"; sourceTree = "<group>"; };
		8F1218C1207B8AED000C2E48 /* HSDHttpConnection+Info.h */ = {isa = PBXFileReference; fileEncoding = 4; lastKnownFileType = sourcecode.c.h; path = "HSDHttpConnection+Info.h"; sourceTree = "<group>"; };
		8F1218C2207B8AED000C2E48 /* HSDHttpConnection+Info.m */ = {isa = PBXFileReference; fileEncoding = 4; lastKnownFileType = sourcecode.c.objc; path = "HSDHttpConnection+Info.m"; sourceTree = "<group>"; };
		8F1218C3207B8AED000C2E48 /* HSDHttpConnection+Preview.h */ = {isa = PBXFileReference; fileEncoding = 4; lastKnownFileType = sourcecode.c.h; path = "HSDHttpConnection+Preview.h"; sourceTree = "<group>"; };
		8F1218C4207B8AED000C2E48 /* HSDHttpConnection+Preview.m */ = {isa = PBXFileReference; fileEncoding = 4; lastKnownFileType = sourcecode.c.objc; path = "HSDHttpConnection+Preview.m"; sourceTree = "<group>"; };
		8F1218C5207B8AED000C2E48 /* HSDHttpConnection+View.h */ = {isa = PBXFileReference; fileEncoding = 4; lastKnownFileType = sourcecode.c.h; path = "HSDHttpConnection+View.h"; sourceTree = "<group>"; };
		8F1218C6207B8AED000C2E48 /* HSDHttpConnection+View.m */ = {isa = PBXFileReference; fileEncoding = 4; lastKnownFileType = sourcecode.c.objc; path = "HSDHttpConnection+View.m"; sourceTree = "<group>"; };
		8F1218C7207B8AED000C2E48 /* HSDHttpConnection.h */ = {isa = PBXFileReference; fileEncoding = 4; lastKnownFileType = sourcecode.c.h; path = HSDHttpConnection.h; sourceTree = "<group>"; };
		8F1218C8207B8AED000C2E48 /* HSDHttpConnection.m */ = {isa = PBXFileReference; fileEncoding = 4; lastKnownFileType = sourcecode.c.objc; path = HSDHttpConnection.m; sourceTree = "<group>"; };
		8F1218C9207B8AED000C2E48 /* HttpServerDebug.h */ = {isa = PBXFileReference; fileEncoding = 4; lastKnownFileType = sourcecode.c.h; path = HttpServerDebug.h; sourceTree = "<group>"; };
		8F1218DD207B8C95000C2E48 /* HSDHttpServerControlPannelController.h */ = {isa = PBXFileReference; fileEncoding = 4; lastKnownFileType = sourcecode.c.h; path = HSDHttpServerControlPannelController.h; sourceTree = "<group>"; };
		8F1218DE207B8C95000C2E48 /* HSDHttpServerControlPannelController.m */ = {isa = PBXFileReference; fileEncoding = 4; lastKnownFileType = sourcecode.c.objc; path = HSDHttpServerControlPannelController.m; sourceTree = "<group>"; };
		8F1218DF207B8C95000C2E48 /* HSDDelegate.h */ = {isa = PBXFileReference; fileEncoding = 4; lastKnownFileType = sourcecode.c.h; path = HSDDelegate.h; sourceTree = "<group>"; };
		8F1218E0207B8C95000C2E48 /* HSDDefine.h */ = {isa = PBXFileReference; fileEncoding = 4; lastKnownFileType = sourcecode.c.h; path = HSDDefine.h; sourceTree = "<group>"; };
		8F1218E1207B8C95000C2E48 /* HSDDefine.m */ = {isa = PBXFileReference; fileEncoding = 4; lastKnownFileType = sourcecode.c.objc; path = HSDDefine.m; sourceTree = "<group>"; };
		8F1218E2207B8C95000C2E48 /* HSDManager.h */ = {isa = PBXFileReference; fileEncoding = 4; lastKnownFileType = sourcecode.c.h; path = HSDManager.h; sourceTree = "<group>"; };
		8F1218E3207B8C95000C2E48 /* HSDManager.m */ = {isa = PBXFileReference; fileEncoding = 4; lastKnownFileType = sourcecode.c.objc; path = HSDManager.m; sourceTree = "<group>"; };
		8F1218E4207B8C95000C2E48 /* HSDUtility.h */ = {isa = PBXFileReference; fileEncoding = 4; lastKnownFileType = sourcecode.c.h; path = HSDUtility.h; sourceTree = "<group>"; };
		8F1218E5207B8C95000C2E48 /* HSDUtility.m */ = {isa = PBXFileReference; fileEncoding = 4; lastKnownFileType = sourcecode.c.objc; path = HSDUtility.m; sourceTree = "<group>"; };
		8F1218F1207C5BB6000C2E48 /* HttpServerDebug.bundle */ = {isa = PBXFileReference; lastKnownFileType = "wrapper.plug-in"; path = HttpServerDebug.bundle; sourceTree = "<group>"; };
		8F1218F6207C6357000C2E48 /* HSDWebSocket.h */ = {isa = PBXFileReference; lastKnownFileType = sourcecode.c.h; path = HSDWebSocket.h; sourceTree = "<group>"; };
		8F1218F7207C6357000C2E48 /* HSDWebSocket.m */ = {isa = PBXFileReference; lastKnownFileType = sourcecode.c.objc; path = HSDWebSocket.m; sourceTree = "<group>"; };
		8F1219B3207C9E97000C2E48 /* HSDConsoleLogController.h */ = {isa = PBXFileReference; lastKnownFileType = sourcecode.c.h; path = HSDConsoleLogController.h; sourceTree = "<group>"; };
		8F1219B4207C9E97000C2E48 /* HSDConsoleLogController.m */ = {isa = PBXFileReference; lastKnownFileType = sourcecode.c.objc; path = HSDConsoleLogController.m; sourceTree = "<group>"; };
		8F13E2B21F3C7B4500FF8881 /* libHttpServerDebug.a */ = {isa = PBXFileReference; explicitFileType = archive.ar; includeInIndex = 0; path = libHttpServerDebug.a; sourceTree = BUILT_PRODUCTS_DIR; };
		8F16DD711F3CABD200A2BFBF /* libxml2.dylib */ = {isa = PBXFileReference; lastKnownFileType = "compiled.mach-o.dylib"; name = libxml2.dylib; path = ../../../../../usr/lib/libxml2.dylib; sourceTree = "<group>"; };
		8F704B911F3D5275002E1FAF /* FMDatabase+FTS3.h */ = {isa = PBXFileReference; lastKnownFileType = sourcecode.c.h; path = "FMDatabase+FTS3.h"; sourceTree = "<group>"; };
		8F704B921F3D5275002E1FAF /* FMDatabase+FTS3.m */ = {isa = PBXFileReference; lastKnownFileType = sourcecode.c.objc; path = "FMDatabase+FTS3.m"; sourceTree = "<group>"; };
		8F704B931F3D5275002E1FAF /* FMTokenizers.h */ = {isa = PBXFileReference; lastKnownFileType = sourcecode.c.h; path = FMTokenizers.h; sourceTree = "<group>"; };
		8F704B941F3D5275002E1FAF /* FMTokenizers.m */ = {isa = PBXFileReference; lastKnownFileType = sourcecode.c.objc; path = FMTokenizers.m; sourceTree = "<group>"; };
		8F704B951F3D5275002E1FAF /* fts3_tokenizer.h */ = {isa = PBXFileReference; lastKnownFileType = sourcecode.c.h; path = fts3_tokenizer.h; sourceTree = "<group>"; };
		8F704B971F3D5275002E1FAF /* FMDatabase+InMemoryOnDiskIO.h */ = {isa = PBXFileReference; lastKnownFileType = sourcecode.c.h; path = "FMDatabase+InMemoryOnDiskIO.h"; sourceTree = "<group>"; };
		8F704B981F3D5275002E1FAF /* FMDatabase+InMemoryOnDiskIO.m */ = {isa = PBXFileReference; lastKnownFileType = sourcecode.c.objc; path = "FMDatabase+InMemoryOnDiskIO.m"; sourceTree = "<group>"; };
		8F704B9A1F3D5275002E1FAF /* FMDatabase.h */ = {isa = PBXFileReference; lastKnownFileType = sourcecode.c.h; path = FMDatabase.h; sourceTree = "<group>"; };
		8F704B9B1F3D5275002E1FAF /* FMDatabase.m */ = {isa = PBXFileReference; lastKnownFileType = sourcecode.c.objc; path = FMDatabase.m; sourceTree = "<group>"; };
		8F704B9C1F3D5275002E1FAF /* FMDatabaseAdditions.h */ = {isa = PBXFileReference; lastKnownFileType = sourcecode.c.h; path = FMDatabaseAdditions.h; sourceTree = "<group>"; };
		8F704B9D1F3D5275002E1FAF /* FMDatabaseAdditions.m */ = {isa = PBXFileReference; lastKnownFileType = sourcecode.c.objc; path = FMDatabaseAdditions.m; sourceTree = "<group>"; };
		8F704B9E1F3D5275002E1FAF /* FMDatabasePool.h */ = {isa = PBXFileReference; lastKnownFileType = sourcecode.c.h; path = FMDatabasePool.h; sourceTree = "<group>"; };
		8F704B9F1F3D5275002E1FAF /* FMDatabasePool.m */ = {isa = PBXFileReference; lastKnownFileType = sourcecode.c.objc; path = FMDatabasePool.m; sourceTree = "<group>"; };
		8F704BA01F3D5275002E1FAF /* FMDatabaseQueue.h */ = {isa = PBXFileReference; lastKnownFileType = sourcecode.c.h; path = FMDatabaseQueue.h; sourceTree = "<group>"; };
		8F704BA11F3D5275002E1FAF /* FMDatabaseQueue.m */ = {isa = PBXFileReference; lastKnownFileType = sourcecode.c.objc; path = FMDatabaseQueue.m; sourceTree = "<group>"; };
		8F704BA21F3D5275002E1FAF /* FMDB.h */ = {isa = PBXFileReference; lastKnownFileType = sourcecode.c.h; path = FMDB.h; sourceTree = "<group>"; };
		8F704BA31F3D5275002E1FAF /* FMResultSet.h */ = {isa = PBXFileReference; lastKnownFileType = sourcecode.c.h; path = FMResultSet.h; sourceTree = "<group>"; };
		8F704BA41F3D5275002E1FAF /* FMResultSet.m */ = {isa = PBXFileReference; lastKnownFileType = sourcecode.c.objc; path = FMResultSet.m; sourceTree = "<group>"; };
		8F704BA91F3D529E002E1FAF /* libFMDB.a */ = {isa = PBXFileReference; explicitFileType = archive.ar; includeInIndex = 0; path = libFMDB.a; sourceTree = BUILT_PRODUCTS_DIR; };
		8F7E73F41FB9C3680044FD57 /* libZipArchive.a */ = {isa = PBXFileReference; explicitFileType = archive.ar; includeInIndex = 0; path = libZipArchive.a; sourceTree = BUILT_PRODUCTS_DIR; };
		8FA70C841FA6E82500908C34 /* README.md */ = {isa = PBXFileReference; lastKnownFileType = net.daringfireball.markdown; path = README.md; sourceTree = "<group>"; };
		8FAC09A81F3C84E400D329B1 /* GCDAsyncSocket.h */ = {isa = PBXFileReference; lastKnownFileType = sourcecode.c.h; path = GCDAsyncSocket.h; sourceTree = "<group>"; };
		8FAC09A91F3C84E400D329B1 /* GCDAsyncSocket.m */ = {isa = PBXFileReference; lastKnownFileType = sourcecode.c.objc; path = GCDAsyncSocket.m; sourceTree = "<group>"; };
		8FAC09AA1F3C84E400D329B1 /* GCDAsyncUdpSocket.h */ = {isa = PBXFileReference; lastKnownFileType = sourcecode.c.h; path = GCDAsyncUdpSocket.h; sourceTree = "<group>"; };
		8FAC09AB1F3C84E400D329B1 /* GCDAsyncUdpSocket.m */ = {isa = PBXFileReference; lastKnownFileType = sourcecode.c.objc; path = GCDAsyncUdpSocket.m; sourceTree = "<group>"; };
		8FAC09AF1F3C84E400D329B1 /* DDData.h */ = {isa = PBXFileReference; lastKnownFileType = sourcecode.c.h; path = DDData.h; sourceTree = "<group>"; };
		8FAC09B01F3C84E400D329B1 /* DDData.m */ = {isa = PBXFileReference; lastKnownFileType = sourcecode.c.objc; path = DDData.m; sourceTree = "<group>"; };
		8FAC09B11F3C84E400D329B1 /* DDNumber.h */ = {isa = PBXFileReference; lastKnownFileType = sourcecode.c.h; path = DDNumber.h; sourceTree = "<group>"; };
		8FAC09B21F3C84E400D329B1 /* DDNumber.m */ = {isa = PBXFileReference; lastKnownFileType = sourcecode.c.objc; path = DDNumber.m; sourceTree = "<group>"; };
		8FAC09B31F3C84E400D329B1 /* DDRange.h */ = {isa = PBXFileReference; lastKnownFileType = sourcecode.c.h; path = DDRange.h; sourceTree = "<group>"; };
		8FAC09B41F3C84E400D329B1 /* DDRange.m */ = {isa = PBXFileReference; lastKnownFileType = sourcecode.c.objc; path = DDRange.m; sourceTree = "<group>"; };
		8FAC09B51F3C84E400D329B1 /* HTTPAuthenticationRequest.h */ = {isa = PBXFileReference; lastKnownFileType = sourcecode.c.h; path = HTTPAuthenticationRequest.h; sourceTree = "<group>"; };
		8FAC09B61F3C84E400D329B1 /* HTTPAuthenticationRequest.m */ = {isa = PBXFileReference; lastKnownFileType = sourcecode.c.objc; path = HTTPAuthenticationRequest.m; sourceTree = "<group>"; };
		8FAC09B71F3C84E400D329B1 /* HTTPConnection.h */ = {isa = PBXFileReference; lastKnownFileType = sourcecode.c.h; path = HTTPConnection.h; sourceTree = "<group>"; };
		8FAC09B81F3C84E400D329B1 /* HTTPConnection.m */ = {isa = PBXFileReference; lastKnownFileType = sourcecode.c.objc; path = HTTPConnection.m; sourceTree = "<group>"; };
		8FAC09B91F3C84E400D329B1 /* HTTPLogging.h */ = {isa = PBXFileReference; lastKnownFileType = sourcecode.c.h; path = HTTPLogging.h; sourceTree = "<group>"; };
		8FAC09BA1F3C84E400D329B1 /* HTTPMessage.h */ = {isa = PBXFileReference; lastKnownFileType = sourcecode.c.h; path = HTTPMessage.h; sourceTree = "<group>"; };
		8FAC09BB1F3C84E400D329B1 /* HTTPMessage.m */ = {isa = PBXFileReference; lastKnownFileType = sourcecode.c.objc; path = HTTPMessage.m; sourceTree = "<group>"; };
		8FAC09BC1F3C84E400D329B1 /* HTTPResponse.h */ = {isa = PBXFileReference; lastKnownFileType = sourcecode.c.h; path = HTTPResponse.h; sourceTree = "<group>"; };
		8FAC09BD1F3C84E400D329B1 /* HTTPServer.h */ = {isa = PBXFileReference; lastKnownFileType = sourcecode.c.h; path = HTTPServer.h; sourceTree = "<group>"; };
		8FAC09BE1F3C84E400D329B1 /* HTTPServer.m */ = {isa = PBXFileReference; lastKnownFileType = sourcecode.c.objc; path = HTTPServer.m; sourceTree = "<group>"; };
		8FAC09C01F3C84E400D329B1 /* MultipartFormDataParser.h */ = {isa = PBXFileReference; lastKnownFileType = sourcecode.c.h; path = MultipartFormDataParser.h; sourceTree = "<group>"; };
		8FAC09C11F3C84E400D329B1 /* MultipartFormDataParser.m */ = {isa = PBXFileReference; lastKnownFileType = sourcecode.c.objc; path = MultipartFormDataParser.m; sourceTree = "<group>"; };
		8FAC09C21F3C84E400D329B1 /* MultipartMessageHeader.h */ = {isa = PBXFileReference; lastKnownFileType = sourcecode.c.h; path = MultipartMessageHeader.h; sourceTree = "<group>"; };
		8FAC09C31F3C84E400D329B1 /* MultipartMessageHeader.m */ = {isa = PBXFileReference; lastKnownFileType = sourcecode.c.objc; path = MultipartMessageHeader.m; sourceTree = "<group>"; };
		8FAC09C41F3C84E400D329B1 /* MultipartMessageHeaderField.h */ = {isa = PBXFileReference; lastKnownFileType = sourcecode.c.h; path = MultipartMessageHeaderField.h; sourceTree = "<group>"; };
		8FAC09C51F3C84E400D329B1 /* MultipartMessageHeaderField.m */ = {isa = PBXFileReference; lastKnownFileType = sourcecode.c.objc; path = MultipartMessageHeaderField.m; sourceTree = "<group>"; };
		8FAC09C71F3C84E500D329B1 /* HTTPAsyncFileResponse.h */ = {isa = PBXFileReference; lastKnownFileType = sourcecode.c.h; path = HTTPAsyncFileResponse.h; sourceTree = "<group>"; };
		8FAC09C81F3C84E500D329B1 /* HTTPAsyncFileResponse.m */ = {isa = PBXFileReference; lastKnownFileType = sourcecode.c.objc; path = HTTPAsyncFileResponse.m; sourceTree = "<group>"; };
		8FAC09C91F3C84E500D329B1 /* HTTPDataResponse.h */ = {isa = PBXFileReference; lastKnownFileType = sourcecode.c.h; path = HTTPDataResponse.h; sourceTree = "<group>"; };
		8FAC09CA1F3C84E500D329B1 /* HTTPDataResponse.m */ = {isa = PBXFileReference; lastKnownFileType = sourcecode.c.objc; path = HTTPDataResponse.m; sourceTree = "<group>"; };
		8FAC09CB1F3C84E500D329B1 /* HTTPDynamicFileResponse.h */ = {isa = PBXFileReference; lastKnownFileType = sourcecode.c.h; path = HTTPDynamicFileResponse.h; sourceTree = "<group>"; };
		8FAC09CC1F3C84E500D329B1 /* HTTPDynamicFileResponse.m */ = {isa = PBXFileReference; lastKnownFileType = sourcecode.c.objc; path = HTTPDynamicFileResponse.m; sourceTree = "<group>"; };
		8FAC09CD1F3C84E500D329B1 /* HTTPFileResponse.h */ = {isa = PBXFileReference; lastKnownFileType = sourcecode.c.h; path = HTTPFileResponse.h; sourceTree = "<group>"; };
		8FAC09CE1F3C84E500D329B1 /* HTTPFileResponse.m */ = {isa = PBXFileReference; lastKnownFileType = sourcecode.c.objc; path = HTTPFileResponse.m; sourceTree = "<group>"; };
		8FAC09CF1F3C84E500D329B1 /* HTTPRedirectResponse.h */ = {isa = PBXFileReference; lastKnownFileType = sourcecode.c.h; path = HTTPRedirectResponse.h; sourceTree = "<group>"; };
		8FAC09D01F3C84E500D329B1 /* HTTPRedirectResponse.m */ = {isa = PBXFileReference; lastKnownFileType = sourcecode.c.objc; path = HTTPRedirectResponse.m; sourceTree = "<group>"; };
		8FAC09D11F3C84E500D329B1 /* WebSocket.h */ = {isa = PBXFileReference; lastKnownFileType = sourcecode.c.h; path = WebSocket.h; sourceTree = "<group>"; };
		8FAC09D21F3C84E500D329B1 /* WebSocket.m */ = {isa = PBXFileReference; lastKnownFileType = sourcecode.c.objc; path = WebSocket.m; sourceTree = "<group>"; };
		8FAC09D51F3C84E500D329B1 /* DAVConnection.h */ = {isa = PBXFileReference; lastKnownFileType = sourcecode.c.h; path = DAVConnection.h; sourceTree = "<group>"; };
		8FAC09D61F3C84E500D329B1 /* DAVConnection.m */ = {isa = PBXFileReference; lastKnownFileType = sourcecode.c.objc; path = DAVConnection.m; sourceTree = "<group>"; };
		8FAC09D71F3C84E500D329B1 /* DAVResponse.h */ = {isa = PBXFileReference; lastKnownFileType = sourcecode.c.h; path = DAVResponse.h; sourceTree = "<group>"; };
		8FAC09D81F3C84E500D329B1 /* DAVResponse.m */ = {isa = PBXFileReference; lastKnownFileType = sourcecode.c.objc; path = DAVResponse.m; sourceTree = "<group>"; };
		8FAC09D91F3C84E500D329B1 /* DELETEResponse.h */ = {isa = PBXFileReference; lastKnownFileType = sourcecode.c.h; path = DELETEResponse.h; sourceTree = "<group>"; };
		8FAC09DA1F3C84E500D329B1 /* DELETEResponse.m */ = {isa = PBXFileReference; lastKnownFileType = sourcecode.c.objc; path = DELETEResponse.m; sourceTree = "<group>"; };
		8FAC09DB1F3C84E500D329B1 /* PUTResponse.h */ = {isa = PBXFileReference; lastKnownFileType = sourcecode.c.h; path = PUTResponse.h; sourceTree = "<group>"; };
		8FAC09DC1F3C84E500D329B1 /* PUTResponse.m */ = {isa = PBXFileReference; lastKnownFileType = sourcecode.c.objc; path = PUTResponse.m; sourceTree = "<group>"; };
		8FAC09DE1F3C84E500D329B1 /* CocoaLumberjack.h */ = {isa = PBXFileReference; lastKnownFileType = sourcecode.c.h; path = CocoaLumberjack.h; sourceTree = "<group>"; };
		8FAC09DF1F3C84E500D329B1 /* DDAbstractDatabaseLogger.h */ = {isa = PBXFileReference; lastKnownFileType = sourcecode.c.h; path = DDAbstractDatabaseLogger.h; sourceTree = "<group>"; };
		8FAC09E01F3C84E500D329B1 /* DDAbstractDatabaseLogger.m */ = {isa = PBXFileReference; lastKnownFileType = sourcecode.c.objc; path = DDAbstractDatabaseLogger.m; sourceTree = "<group>"; };
		8FAC09E11F3C84E500D329B1 /* DDASLLogCapture.h */ = {isa = PBXFileReference; lastKnownFileType = sourcecode.c.h; path = DDASLLogCapture.h; sourceTree = "<group>"; };
		8FAC09E21F3C84E500D329B1 /* DDASLLogCapture.m */ = {isa = PBXFileReference; lastKnownFileType = sourcecode.c.objc; path = DDASLLogCapture.m; sourceTree = "<group>"; };
		8FAC09E31F3C84E500D329B1 /* DDASLLogger.h */ = {isa = PBXFileReference; lastKnownFileType = sourcecode.c.h; path = DDASLLogger.h; sourceTree = "<group>"; };
		8FAC09E41F3C84E500D329B1 /* DDASLLogger.m */ = {isa = PBXFileReference; lastKnownFileType = sourcecode.c.objc; path = DDASLLogger.m; sourceTree = "<group>"; };
		8FAC09E51F3C84E500D329B1 /* DDAssertMacros.h */ = {isa = PBXFileReference; lastKnownFileType = sourcecode.c.h; path = DDAssertMacros.h; sourceTree = "<group>"; };
		8FAC09E61F3C84E500D329B1 /* DDFileLogger.h */ = {isa = PBXFileReference; lastKnownFileType = sourcecode.c.h; path = DDFileLogger.h; sourceTree = "<group>"; };
		8FAC09E71F3C84E500D329B1 /* DDFileLogger.m */ = {isa = PBXFileReference; lastKnownFileType = sourcecode.c.objc; path = DDFileLogger.m; sourceTree = "<group>"; };
		8FAC09E81F3C84E500D329B1 /* DDLegacyMacros.h */ = {isa = PBXFileReference; lastKnownFileType = sourcecode.c.h; path = DDLegacyMacros.h; sourceTree = "<group>"; };
		8FAC09E91F3C84E500D329B1 /* DDLog+LOGV.h */ = {isa = PBXFileReference; lastKnownFileType = sourcecode.c.h; path = "DDLog+LOGV.h"; sourceTree = "<group>"; };
		8FAC09EA1F3C84E500D329B1 /* DDLog.h */ = {isa = PBXFileReference; lastKnownFileType = sourcecode.c.h; path = DDLog.h; sourceTree = "<group>"; };
		8FAC09EB1F3C84E500D329B1 /* DDLog.m */ = {isa = PBXFileReference; lastKnownFileType = sourcecode.c.objc; path = DDLog.m; sourceTree = "<group>"; };
		8FAC09EC1F3C84E500D329B1 /* DDLogMacros.h */ = {isa = PBXFileReference; lastKnownFileType = sourcecode.c.h; path = DDLogMacros.h; sourceTree = "<group>"; };
		8FAC09ED1F3C84E500D329B1 /* DDOSLogger.h */ = {isa = PBXFileReference; lastKnownFileType = sourcecode.c.h; path = DDOSLogger.h; sourceTree = "<group>"; };
		8FAC09EE1F3C84E500D329B1 /* DDOSLogger.m */ = {isa = PBXFileReference; lastKnownFileType = sourcecode.c.objc; path = DDOSLogger.m; sourceTree = "<group>"; };
		8FAC09EF1F3C84E500D329B1 /* DDTTYLogger.h */ = {isa = PBXFileReference; lastKnownFileType = sourcecode.c.h; path = DDTTYLogger.h; sourceTree = "<group>"; };
		8FAC09F01F3C84E500D329B1 /* DDTTYLogger.m */ = {isa = PBXFileReference; lastKnownFileType = sourcecode.c.objc; path = DDTTYLogger.m; sourceTree = "<group>"; };
		8FAC09F21F3C84E500D329B1 /* DDContextFilterLogFormatter.h */ = {isa = PBXFileReference; lastKnownFileType = sourcecode.c.h; path = DDContextFilterLogFormatter.h; sourceTree = "<group>"; };
		8FAC09F31F3C84E500D329B1 /* DDContextFilterLogFormatter.m */ = {isa = PBXFileReference; lastKnownFileType = sourcecode.c.objc; path = DDContextFilterLogFormatter.m; sourceTree = "<group>"; };
		8FAC09F41F3C84E500D329B1 /* DDDispatchQueueLogFormatter.h */ = {isa = PBXFileReference; lastKnownFileType = sourcecode.c.h; path = DDDispatchQueueLogFormatter.h; sourceTree = "<group>"; };
		8FAC09F51F3C84E500D329B1 /* DDDispatchQueueLogFormatter.m */ = {isa = PBXFileReference; lastKnownFileType = sourcecode.c.objc; path = DDDispatchQueueLogFormatter.m; sourceTree = "<group>"; };
		8FAC09F61F3C84E500D329B1 /* DDMultiFormatter.h */ = {isa = PBXFileReference; lastKnownFileType = sourcecode.c.h; path = DDMultiFormatter.h; sourceTree = "<group>"; };
		8FAC09F71F3C84E500D329B1 /* DDMultiFormatter.m */ = {isa = PBXFileReference; lastKnownFileType = sourcecode.c.objc; path = DDMultiFormatter.m; sourceTree = "<group>"; };
		8FC544501FBAB3F500C1DAFC /* crypt.h */ = {isa = PBXFileReference; lastKnownFileType = sourcecode.c.h; path = crypt.h; sourceTree = "<group>"; };
		8FC544511FBAB3F500C1DAFC /* ioapi.c */ = {isa = PBXFileReference; lastKnownFileType = sourcecode.c.c; path = ioapi.c; sourceTree = "<group>"; };
		8FC544521FBAB3F500C1DAFC /* ioapi.h */ = {isa = PBXFileReference; lastKnownFileType = sourcecode.c.h; path = ioapi.h; sourceTree = "<group>"; };
		8FC544591FBAB3F500C1DAFC /* mztools.c */ = {isa = PBXFileReference; lastKnownFileType = sourcecode.c.c; path = mztools.c; sourceTree = "<group>"; };
		8FC5445A1FBAB3F500C1DAFC /* mztools.h */ = {isa = PBXFileReference; lastKnownFileType = sourcecode.c.h; path = mztools.h; sourceTree = "<group>"; };
		8FC5445B1FBAB3F500C1DAFC /* unzip.c */ = {isa = PBXFileReference; lastKnownFileType = sourcecode.c.c; path = unzip.c; sourceTree = "<group>"; };
		8FC5445C1FBAB3F500C1DAFC /* unzip.h */ = {isa = PBXFileReference; lastKnownFileType = sourcecode.c.h; path = unzip.h; sourceTree = "<group>"; };
		8FC5445D1FBAB3F500C1DAFC /* zip.c */ = {isa = PBXFileReference; lastKnownFileType = sourcecode.c.c; path = zip.c; sourceTree = "<group>"; };
		8FC5445E1FBAB3F500C1DAFC /* zip.h */ = {isa = PBXFileReference; lastKnownFileType = sourcecode.c.h; path = zip.h; sourceTree = "<group>"; };
		8FC5445F1FBAB3F500C1DAFC /* ZipArchive.h */ = {isa = PBXFileReference; lastKnownFileType = sourcecode.c.h; path = ZipArchive.h; sourceTree = "<group>"; };
		8FC544601FBAB3F500C1DAFC /* ZipArchive.m */ = {isa = PBXFileReference; lastKnownFileType = sourcecode.c.objc; path = ZipArchive.m; sourceTree = "<group>"; };
		8FF95F2E1F409D3700DDC97F /* libCocoaLumberjack.a */ = {isa = PBXFileReference; explicitFileType = archive.ar; includeInIndex = 0; path = libCocoaLumberjack.a; sourceTree = BUILT_PRODUCTS_DIR; };
		8FF95F7B1F413C8100DDC97F /* libCocoaAsyncSocket.a */ = {isa = PBXFileReference; explicitFileType = archive.ar; includeInIndex = 0; path = libCocoaAsyncSocket.a; sourceTree = BUILT_PRODUCTS_DIR; };
		8FF95F8C1F413D9600DDC97F /* libCocoaHttpServer.a */ = {isa = PBXFileReference; explicitFileType = archive.ar; includeInIndex = 0; path = libCocoaHttpServer.a; sourceTree = BUILT_PRODUCTS_DIR; };
		8FF95FAB1F413E5100DDC97F /* libxml2.2.dylib */ = {isa = PBXFileReference; lastKnownFileType = "compiled.mach-o.dylib"; name = libxml2.2.dylib; path = ../../../../../usr/lib/libxml2.2.dylib; sourceTree = "<group>"; };
/* End PBXFileReference section */

/* Begin PBXFrameworksBuildPhase section */
		8F13E2AF1F3C7B4500FF8881 /* Frameworks */ = {
			isa = PBXFrameworksBuildPhase;
			buildActionMask = 2147483647;
			files = (
			);
			runOnlyForDeploymentPostprocessing = 0;
		};
		8F704BA61F3D529E002E1FAF /* Frameworks */ = {
			isa = PBXFrameworksBuildPhase;
			buildActionMask = 2147483647;
			files = (
			);
			runOnlyForDeploymentPostprocessing = 0;
		};
		8F7E73F11FB9C3680044FD57 /* Frameworks */ = {
			isa = PBXFrameworksBuildPhase;
			buildActionMask = 2147483647;
			files = (
			);
			runOnlyForDeploymentPostprocessing = 0;
		};
		8FF95F2B1F409D3700DDC97F /* Frameworks */ = {
			isa = PBXFrameworksBuildPhase;
			buildActionMask = 2147483647;
			files = (
			);
			runOnlyForDeploymentPostprocessing = 0;
		};
		8FF95F781F413C8100DDC97F /* Frameworks */ = {
			isa = PBXFrameworksBuildPhase;
			buildActionMask = 2147483647;
			files = (
			);
			runOnlyForDeploymentPostprocessing = 0;
		};
		8FF95F891F413D9600DDC97F /* Frameworks */ = {
			isa = PBXFrameworksBuildPhase;
			buildActionMask = 2147483647;
			files = (
				8FF95FAD1F413E6500DDC97F /* libxml2.2.dylib in Frameworks */,
			);
			runOnlyForDeploymentPostprocessing = 0;
		};
/* End PBXFrameworksBuildPhase section */

/* Begin PBXGroup section */
		8F1218B1207B8AED000C2E48 /* Classes */ = {
			isa = PBXGroup;
			children = (
				8F1218DC207B8C95000C2E48 /* Core */,
				8F1218BC207B8AED000C2E48 /* HttpConnection */,
				8F1218C9207B8AED000C2E48 /* HttpServerDebug.h */,
				8F1218F5207C633F000C2E48 /* WebSocket */,
			);
			path = Classes;
			sourceTree = "<group>";
		};
		8F1218BC207B8AED000C2E48 /* HttpConnection */ = {
			isa = PBXGroup;
			children = (
				8F1218BD207B8AED000C2E48 /* HSDHttpConnection+Database.h */,
				8F1218BE207B8AED000C2E48 /* HSDHttpConnection+Database.m */,
				8F1218BF207B8AED000C2E48 /* HSDHttpConnection+Explorer.h */,
				8F1218C0207B8AED000C2E48 /* HSDHttpConnection+Explorer.m */,
				8F1218C1207B8AED000C2E48 /* HSDHttpConnection+Info.h */,
				8F1218C2207B8AED000C2E48 /* HSDHttpConnection+Info.m */,
				8F1218C3207B8AED000C2E48 /* HSDHttpConnection+Preview.h */,
				8F1218C4207B8AED000C2E48 /* HSDHttpConnection+Preview.m */,
				8F1218C5207B8AED000C2E48 /* HSDHttpConnection+View.h */,
				8F1218C6207B8AED000C2E48 /* HSDHttpConnection+View.m */,
				8F1218C7207B8AED000C2E48 /* HSDHttpConnection.h */,
				8F1218C8207B8AED000C2E48 /* HSDHttpConnection.m */,
			);
			path = HttpConnection;
			sourceTree = "<group>";
		};
		8F1218DC207B8C95000C2E48 /* Core */ = {
			isa = PBXGroup;
			children = (
				8F1218DD207B8C95000C2E48 /* HSDHttpServerControlPannelController.h */,
				8F1218DE207B8C95000C2E48 /* HSDHttpServerControlPannelController.m */,
				8F1218DF207B8C95000C2E48 /* HSDDelegate.h */,
				8F1218E0207B8C95000C2E48 /* HSDDefine.h */,
				8F1218E1207B8C95000C2E48 /* HSDDefine.m */,
				8F1218E2207B8C95000C2E48 /* HSDManager.h */,
				8F1218E3207B8C95000C2E48 /* HSDManager.m */,
				8F1218E4207B8C95000C2E48 /* HSDUtility.h */,
				8F1218E5207B8C95000C2E48 /* HSDUtility.m */,
				8F1219B3207C9E97000C2E48 /* HSDConsoleLogController.h */,
				8F1219B4207C9E97000C2E48 /* HSDConsoleLogController.m */,
			);
			path = Core;
			sourceTree = "<group>";
		};
		8F1218F0207C5BB6000C2E48 /* Resources */ = {
			isa = PBXGroup;
			children = (
				8F1218F1207C5BB6000C2E48 /* HttpServerDebug.bundle */,
			);
			path = Resources;
			sourceTree = "<group>";
		};
		8F1218F5207C633F000C2E48 /* WebSocket */ = {
			isa = PBXGroup;
			children = (
				8F1218F6207C6357000C2E48 /* HSDWebSocket.h */,
				8F1218F7207C6357000C2E48 /* HSDWebSocket.m */,
			);
			path = WebSocket;
			sourceTree = "<group>";
		};
		8F13E2A91F3C7B4500FF8881 = {
			isa = PBXGroup;
			children = (
				8FA70C841FA6E82500908C34 /* README.md */,
				8F1218B1207B8AED000C2E48 /* Classes */,
				8F1218F0207C5BB6000C2E48 /* Resources */,
				8FAC09A61F3C84E400D329B1 /* ThirdParties */,
				8F13E2B31F3C7B4500FF8881 /* Products */,
				8F16DD471F3CA62800A2BFBF /* Frameworks */,
			);
			sourceTree = "<group>";
		};
		8F13E2B31F3C7B4500FF8881 /* Products */ = {
			isa = PBXGroup;
			children = (
				8F13E2B21F3C7B4500FF8881 /* libHttpServerDebug.a */,
				8F704BA91F3D529E002E1FAF /* libFMDB.a */,
				8FF95F2E1F409D3700DDC97F /* libCocoaLumberjack.a */,
				8FF95F7B1F413C8100DDC97F /* libCocoaAsyncSocket.a */,
				8FF95F8C1F413D9600DDC97F /* libCocoaHttpServer.a */,
				8F7E73F41FB9C3680044FD57 /* libZipArchive.a */,
			);
			name = Products;
			sourceTree = "<group>";
		};
		8F16DD471F3CA62800A2BFBF /* Frameworks */ = {
			isa = PBXGroup;
			children = (
				8FF95FAB1F413E5100DDC97F /* libxml2.2.dylib */,
				8F16DD711F3CABD200A2BFBF /* libxml2.dylib */,
			);
			name = Frameworks;
			sourceTree = "<group>";
		};
		8F704B8E1F3D5275002E1FAF /* FMDB */ = {
			isa = PBXGroup;
			children = (
				8F704B8F1F3D5275002E1FAF /* extra */,
				8F704B991F3D5275002E1FAF /* fmdb */,
			);
			path = FMDB;
			sourceTree = "<group>";
		};
		8F704B8F1F3D5275002E1FAF /* extra */ = {
			isa = PBXGroup;
			children = (
				8F704B901F3D5275002E1FAF /* fts3 */,
				8F704B961F3D5275002E1FAF /* InMemoryOnDiskIO */,
			);
			path = extra;
			sourceTree = "<group>";
		};
		8F704B901F3D5275002E1FAF /* fts3 */ = {
			isa = PBXGroup;
			children = (
				8F704B911F3D5275002E1FAF /* FMDatabase+FTS3.h */,
				8F704B921F3D5275002E1FAF /* FMDatabase+FTS3.m */,
				8F704B931F3D5275002E1FAF /* FMTokenizers.h */,
				8F704B941F3D5275002E1FAF /* FMTokenizers.m */,
				8F704B951F3D5275002E1FAF /* fts3_tokenizer.h */,
			);
			path = fts3;
			sourceTree = "<group>";
		};
		8F704B961F3D5275002E1FAF /* InMemoryOnDiskIO */ = {
			isa = PBXGroup;
			children = (
				8F704B971F3D5275002E1FAF /* FMDatabase+InMemoryOnDiskIO.h */,
				8F704B981F3D5275002E1FAF /* FMDatabase+InMemoryOnDiskIO.m */,
			);
			path = InMemoryOnDiskIO;
			sourceTree = "<group>";
		};
		8F704B991F3D5275002E1FAF /* fmdb */ = {
			isa = PBXGroup;
			children = (
				8F704B9A1F3D5275002E1FAF /* FMDatabase.h */,
				8F704B9B1F3D5275002E1FAF /* FMDatabase.m */,
				8F704B9C1F3D5275002E1FAF /* FMDatabaseAdditions.h */,
				8F704B9D1F3D5275002E1FAF /* FMDatabaseAdditions.m */,
				8F704B9E1F3D5275002E1FAF /* FMDatabasePool.h */,
				8F704B9F1F3D5275002E1FAF /* FMDatabasePool.m */,
				8F704BA01F3D5275002E1FAF /* FMDatabaseQueue.h */,
				8F704BA11F3D5275002E1FAF /* FMDatabaseQueue.m */,
				8F704BA21F3D5275002E1FAF /* FMDB.h */,
				8F704BA31F3D5275002E1FAF /* FMResultSet.h */,
				8F704BA41F3D5275002E1FAF /* FMResultSet.m */,
			);
			path = fmdb;
			sourceTree = "<group>";
		};
		8FAC09A61F3C84E400D329B1 /* ThirdParties */ = {
			isa = PBXGroup;
			children = (
				8FAC09A71F3C84E400D329B1 /* CocoaAsyncSocket */,
				8FAC09AC1F3C84E400D329B1 /* CocoaHttpServer */,
				8FAC09DD1F3C84E500D329B1 /* CocoaLumberjack */,
				8F704B8E1F3D5275002E1FAF /* FMDB */,
				8FC5444D1FBAB3F500C1DAFC /* ZipArchive */,
			);
			path = ThirdParties;
			sourceTree = "<group>";
		};
		8FAC09A71F3C84E400D329B1 /* CocoaAsyncSocket */ = {
			isa = PBXGroup;
			children = (
				8FAC09A81F3C84E400D329B1 /* GCDAsyncSocket.h */,
				8FAC09A91F3C84E400D329B1 /* GCDAsyncSocket.m */,
				8FAC09AA1F3C84E400D329B1 /* GCDAsyncUdpSocket.h */,
				8FAC09AB1F3C84E400D329B1 /* GCDAsyncUdpSocket.m */,
			);
			path = CocoaAsyncSocket;
			sourceTree = "<group>";
		};
		8FAC09AC1F3C84E400D329B1 /* CocoaHttpServer */ = {
			isa = PBXGroup;
			children = (
				8FAC09AD1F3C84E400D329B1 /* Core */,
				8FAC09D31F3C84E500D329B1 /* Extensions */,
			);
			path = CocoaHttpServer;
			sourceTree = "<group>";
		};
		8FAC09AD1F3C84E400D329B1 /* Core */ = {
			isa = PBXGroup;
			children = (
				8FAC09AE1F3C84E400D329B1 /* Categories */,
				8FAC09B51F3C84E400D329B1 /* HTTPAuthenticationRequest.h */,
				8FAC09B61F3C84E400D329B1 /* HTTPAuthenticationRequest.m */,
				8FAC09B71F3C84E400D329B1 /* HTTPConnection.h */,
				8FAC09B81F3C84E400D329B1 /* HTTPConnection.m */,
				8FAC09B91F3C84E400D329B1 /* HTTPLogging.h */,
				8FAC09BA1F3C84E400D329B1 /* HTTPMessage.h */,
				8FAC09BB1F3C84E400D329B1 /* HTTPMessage.m */,
				8FAC09BC1F3C84E400D329B1 /* HTTPResponse.h */,
				8FAC09BD1F3C84E400D329B1 /* HTTPServer.h */,
				8FAC09BE1F3C84E400D329B1 /* HTTPServer.m */,
				8FAC09BF1F3C84E400D329B1 /* Mime */,
				8FAC09C61F3C84E400D329B1 /* Responses */,
				8FAC09D11F3C84E500D329B1 /* WebSocket.h */,
				8FAC09D21F3C84E500D329B1 /* WebSocket.m */,
			);
			path = Core;
			sourceTree = "<group>";
		};
		8FAC09AE1F3C84E400D329B1 /* Categories */ = {
			isa = PBXGroup;
			children = (
				8FAC09AF1F3C84E400D329B1 /* DDData.h */,
				8FAC09B01F3C84E400D329B1 /* DDData.m */,
				8FAC09B11F3C84E400D329B1 /* DDNumber.h */,
				8FAC09B21F3C84E400D329B1 /* DDNumber.m */,
				8FAC09B31F3C84E400D329B1 /* DDRange.h */,
				8FAC09B41F3C84E400D329B1 /* DDRange.m */,
			);
			path = Categories;
			sourceTree = "<group>";
		};
		8FAC09BF1F3C84E400D329B1 /* Mime */ = {
			isa = PBXGroup;
			children = (
				8FAC09C01F3C84E400D329B1 /* MultipartFormDataParser.h */,
				8FAC09C11F3C84E400D329B1 /* MultipartFormDataParser.m */,
				8FAC09C21F3C84E400D329B1 /* MultipartMessageHeader.h */,
				8FAC09C31F3C84E400D329B1 /* MultipartMessageHeader.m */,
				8FAC09C41F3C84E400D329B1 /* MultipartMessageHeaderField.h */,
				8FAC09C51F3C84E400D329B1 /* MultipartMessageHeaderField.m */,
			);
			path = Mime;
			sourceTree = "<group>";
		};
		8FAC09C61F3C84E400D329B1 /* Responses */ = {
			isa = PBXGroup;
			children = (
				8FAC09C71F3C84E500D329B1 /* HTTPAsyncFileResponse.h */,
				8FAC09C81F3C84E500D329B1 /* HTTPAsyncFileResponse.m */,
				8FAC09C91F3C84E500D329B1 /* HTTPDataResponse.h */,
				8FAC09CA1F3C84E500D329B1 /* HTTPDataResponse.m */,
				8FAC09CB1F3C84E500D329B1 /* HTTPDynamicFileResponse.h */,
				8FAC09CC1F3C84E500D329B1 /* HTTPDynamicFileResponse.m */,
				8FAC09CD1F3C84E500D329B1 /* HTTPFileResponse.h */,
				8FAC09CE1F3C84E500D329B1 /* HTTPFileResponse.m */,
				8FAC09CF1F3C84E500D329B1 /* HTTPRedirectResponse.h */,
				8FAC09D01F3C84E500D329B1 /* HTTPRedirectResponse.m */,
			);
			path = Responses;
			sourceTree = "<group>";
		};
		8FAC09D31F3C84E500D329B1 /* Extensions */ = {
			isa = PBXGroup;
			children = (
				8FAC09D41F3C84E500D329B1 /* WebDAV */,
			);
			path = Extensions;
			sourceTree = "<group>";
		};
		8FAC09D41F3C84E500D329B1 /* WebDAV */ = {
			isa = PBXGroup;
			children = (
				8FAC09D51F3C84E500D329B1 /* DAVConnection.h */,
				8FAC09D61F3C84E500D329B1 /* DAVConnection.m */,
				8FAC09D71F3C84E500D329B1 /* DAVResponse.h */,
				8FAC09D81F3C84E500D329B1 /* DAVResponse.m */,
				8FAC09D91F3C84E500D329B1 /* DELETEResponse.h */,
				8FAC09DA1F3C84E500D329B1 /* DELETEResponse.m */,
				8FAC09DB1F3C84E500D329B1 /* PUTResponse.h */,
				8FAC09DC1F3C84E500D329B1 /* PUTResponse.m */,
			);
			path = WebDAV;
			sourceTree = "<group>";
		};
		8FAC09DD1F3C84E500D329B1 /* CocoaLumberjack */ = {
			isa = PBXGroup;
			children = (
				8FAC09DE1F3C84E500D329B1 /* CocoaLumberjack.h */,
				8FAC09DF1F3C84E500D329B1 /* DDAbstractDatabaseLogger.h */,
				8FAC09E01F3C84E500D329B1 /* DDAbstractDatabaseLogger.m */,
				8FAC09E11F3C84E500D329B1 /* DDASLLogCapture.h */,
				8FAC09E21F3C84E500D329B1 /* DDASLLogCapture.m */,
				8FAC09E31F3C84E500D329B1 /* DDASLLogger.h */,
				8FAC09E41F3C84E500D329B1 /* DDASLLogger.m */,
				8FAC09E51F3C84E500D329B1 /* DDAssertMacros.h */,
				8FAC09E61F3C84E500D329B1 /* DDFileLogger.h */,
				8FAC09E71F3C84E500D329B1 /* DDFileLogger.m */,
				8FAC09E81F3C84E500D329B1 /* DDLegacyMacros.h */,
				8FAC09E91F3C84E500D329B1 /* DDLog+LOGV.h */,
				8FAC09EA1F3C84E500D329B1 /* DDLog.h */,
				8FAC09EB1F3C84E500D329B1 /* DDLog.m */,
				8FAC09EC1F3C84E500D329B1 /* DDLogMacros.h */,
				8FAC09ED1F3C84E500D329B1 /* DDOSLogger.h */,
				8FAC09EE1F3C84E500D329B1 /* DDOSLogger.m */,
				8FAC09EF1F3C84E500D329B1 /* DDTTYLogger.h */,
				8FAC09F01F3C84E500D329B1 /* DDTTYLogger.m */,
				8FAC09F11F3C84E500D329B1 /* Extensions */,
			);
			path = CocoaLumberjack;
			sourceTree = "<group>";
		};
		8FAC09F11F3C84E500D329B1 /* Extensions */ = {
			isa = PBXGroup;
			children = (
				8FAC09F21F3C84E500D329B1 /* DDContextFilterLogFormatter.h */,
				8FAC09F31F3C84E500D329B1 /* DDContextFilterLogFormatter.m */,
				8FAC09F41F3C84E500D329B1 /* DDDispatchQueueLogFormatter.h */,
				8FAC09F51F3C84E500D329B1 /* DDDispatchQueueLogFormatter.m */,
				8FAC09F61F3C84E500D329B1 /* DDMultiFormatter.h */,
				8FAC09F71F3C84E500D329B1 /* DDMultiFormatter.m */,
			);
			path = Extensions;
			sourceTree = "<group>";
		};
		8FC5444D1FBAB3F500C1DAFC /* ZipArchive */ = {
			isa = PBXGroup;
			children = (
				8FC5444E1FBAB3F500C1DAFC /* minizip */,
				8FC5445F1FBAB3F500C1DAFC /* ZipArchive.h */,
				8FC544601FBAB3F500C1DAFC /* ZipArchive.m */,
			);
			path = ZipArchive;
			sourceTree = "<group>";
		};
		8FC5444E1FBAB3F500C1DAFC /* minizip */ = {
			isa = PBXGroup;
			children = (
				8FC544501FBAB3F500C1DAFC /* crypt.h */,
				8FC544511FBAB3F500C1DAFC /* ioapi.c */,
				8FC544521FBAB3F500C1DAFC /* ioapi.h */,
				8FC544591FBAB3F500C1DAFC /* mztools.c */,
				8FC5445A1FBAB3F500C1DAFC /* mztools.h */,
				8FC5445B1FBAB3F500C1DAFC /* unzip.c */,
				8FC5445C1FBAB3F500C1DAFC /* unzip.h */,
				8FC5445D1FBAB3F500C1DAFC /* zip.c */,
				8FC5445E1FBAB3F500C1DAFC /* zip.h */,
			);
			path = minizip;
			sourceTree = "<group>";
		};
/* End PBXGroup section */

/* Begin PBXNativeTarget section */
		8F13E2B11F3C7B4500FF8881 /* HttpServerDebug */ = {
			isa = PBXNativeTarget;
			buildConfigurationList = 8F13E2BB1F3C7B4500FF8881 /* Build configuration list for PBXNativeTarget "HttpServerDebug" */;
			buildPhases = (
				8F13E2AE1F3C7B4500FF8881 /* Sources */,
				8F13E2AF1F3C7B4500FF8881 /* Frameworks */,
				8F13E2B01F3C7B4500FF8881 /* CopyFiles */,
				8FEFE6EB1F3D5DE300D841E0 /* Resources */,
			);
			buildRules = (
			);
			dependencies = (
			);
			name = HttpServerDebug;
			productName = HttpServerDebug;
			productReference = 8F13E2B21F3C7B4500FF8881 /* libHttpServerDebug.a */;
			productType = "com.apple.product-type.library.static";
		};
		8F704BA81F3D529E002E1FAF /* FMDB */ = {
			isa = PBXNativeTarget;
			buildConfigurationList = 8F704BAF1F3D529E002E1FAF /* Build configuration list for PBXNativeTarget "FMDB" */;
			buildPhases = (
				8F704BA51F3D529E002E1FAF /* Sources */,
				8F704BA61F3D529E002E1FAF /* Frameworks */,
				8F704BA71F3D529E002E1FAF /* CopyFiles */,
			);
			buildRules = (
			);
			dependencies = (
			);
			name = FMDB;
			productName = FMDB;
			productReference = 8F704BA91F3D529E002E1FAF /* libFMDB.a */;
			productType = "com.apple.product-type.library.static";
		};
		8F7E73F31FB9C3680044FD57 /* ZipArchive */ = {
			isa = PBXNativeTarget;
			buildConfigurationList = 8F7E73FA1FB9C3690044FD57 /* Build configuration list for PBXNativeTarget "ZipArchive" */;
			buildPhases = (
				8F7E73F01FB9C3680044FD57 /* Sources */,
				8F7E73F11FB9C3680044FD57 /* Frameworks */,
				8F7E73F21FB9C3680044FD57 /* CopyFiles */,
			);
			buildRules = (
			);
			dependencies = (
			);
			name = ZipArchive;
			productName = ZipArchive;
			productReference = 8F7E73F41FB9C3680044FD57 /* libZipArchive.a */;
			productType = "com.apple.product-type.library.static";
		};
		8FF95F2D1F409D3700DDC97F /* CocoaLumberjack */ = {
			isa = PBXNativeTarget;
			buildConfigurationList = 8FF95F341F409D3700DDC97F /* Build configuration list for PBXNativeTarget "CocoaLumberjack" */;
			buildPhases = (
				8FF95F2A1F409D3700DDC97F /* Sources */,
				8FF95F2B1F409D3700DDC97F /* Frameworks */,
				8FF95F2C1F409D3700DDC97F /* CopyFiles */,
			);
			buildRules = (
			);
			dependencies = (
			);
			name = CocoaLumberjack;
			productName = CocoaLumberjack;
			productReference = 8FF95F2E1F409D3700DDC97F /* libCocoaLumberjack.a */;
			productType = "com.apple.product-type.library.static";
		};
		8FF95F7A1F413C8100DDC97F /* CocoaAsyncSocket */ = {
			isa = PBXNativeTarget;
			buildConfigurationList = 8FF95F811F413C8100DDC97F /* Build configuration list for PBXNativeTarget "CocoaAsyncSocket" */;
			buildPhases = (
				8FF95F771F413C8100DDC97F /* Sources */,
				8FF95F781F413C8100DDC97F /* Frameworks */,
				8FF95F791F413C8100DDC97F /* CopyFiles */,
			);
			buildRules = (
			);
			dependencies = (
			);
			name = CocoaAsyncSocket;
			productName = CocoaAsyncSocket;
			productReference = 8FF95F7B1F413C8100DDC97F /* libCocoaAsyncSocket.a */;
			productType = "com.apple.product-type.library.static";
		};
		8FF95F8B1F413D9600DDC97F /* CocoaHttpServer */ = {
			isa = PBXNativeTarget;
			buildConfigurationList = 8FF95F921F413D9700DDC97F /* Build configuration list for PBXNativeTarget "CocoaHttpServer" */;
			buildPhases = (
				8FF95F881F413D9600DDC97F /* Sources */,
				8FF95F891F413D9600DDC97F /* Frameworks */,
				8FF95F8A1F413D9600DDC97F /* CopyFiles */,
			);
			buildRules = (
			);
			dependencies = (
			);
			name = CocoaHttpServer;
			productName = CocoaHttpServer;
			productReference = 8FF95F8C1F413D9600DDC97F /* libCocoaHttpServer.a */;
			productType = "com.apple.product-type.library.static";
		};
/* End PBXNativeTarget section */

/* Begin PBXProject section */
		8F13E2AA1F3C7B4500FF8881 /* Project object */ = {
			isa = PBXProject;
			attributes = {
				CLASSPREFIX = HSD;
				LastUpgradeCheck = 0900;
				ORGANIZATIONNAME = chenjun;
				TargetAttributes = {
					8F13E2B11F3C7B4500FF8881 = {
						CreatedOnToolsVersion = 9.0;
					};
					8F704BA81F3D529E002E1FAF = {
						CreatedOnToolsVersion = 9.0;
					};
					8F7E73F31FB9C3680044FD57 = {
						CreatedOnToolsVersion = 9.0;
						ProvisioningStyle = Automatic;
					};
					8FF95F2D1F409D3700DDC97F = {
						CreatedOnToolsVersion = 9.0;
					};
					8FF95F7A1F413C8100DDC97F = {
						CreatedOnToolsVersion = 9.0;
					};
					8FF95F8B1F413D9600DDC97F = {
						CreatedOnToolsVersion = 9.0;
					};
				};
			};
			buildConfigurationList = 8F13E2AD1F3C7B4500FF8881 /* Build configuration list for PBXProject "HttpServerDebug" */;
			compatibilityVersion = "Xcode 8.0";
			developmentRegion = en;
			hasScannedForEncodings = 0;
			knownRegions = (
				en,
			);
			mainGroup = 8F13E2A91F3C7B4500FF8881;
			productRefGroup = 8F13E2B31F3C7B4500FF8881 /* Products */;
			projectDirPath = "";
			projectRoot = "";
			targets = (
				8F13E2B11F3C7B4500FF8881 /* HttpServerDebug */,
				8FF95F2D1F409D3700DDC97F /* CocoaLumberjack */,
				8FF95F7A1F413C8100DDC97F /* CocoaAsyncSocket */,
				8FF95F8B1F413D9600DDC97F /* CocoaHttpServer */,
				8F704BA81F3D529E002E1FAF /* FMDB */,
				8F7E73F31FB9C3680044FD57 /* ZipArchive */,
			);
		};
/* End PBXProject section */

/* Begin PBXResourcesBuildPhase section */
		8FEFE6EB1F3D5DE300D841E0 /* Resources */ = {
			isa = PBXResourcesBuildPhase;
			buildActionMask = 2147483647;
			files = (
				8F1218F2207C5BB6000C2E48 /* HttpServerDebug.bundle in Resources */,
			);
			runOnlyForDeploymentPostprocessing = 0;
		};
/* End PBXResourcesBuildPhase section */

/* Begin PBXSourcesBuildPhase section */
		8F13E2AE1F3C7B4500FF8881 /* Sources */ = {
			isa = PBXSourcesBuildPhase;
			buildActionMask = 2147483647;
			files = (
				8F1219B5207C9E97000C2E48 /* HSDConsoleLogController.m in Sources */,
				8F1218E8207B8C95000C2E48 /* HSDManager.m in Sources */,
				8F1218D2207B8AED000C2E48 /* HSDHttpConnection+Explorer.m in Sources */,
				8F1218D3207B8AED000C2E48 /* HSDHttpConnection+Info.m in Sources */,
				8F1218E7207B8C95000C2E48 /* HSDDefine.m in Sources */,
				8F1218E6207B8C95000C2E48 /* HSDHttpServerControlPannelController.m in Sources */,
				8F1218D5207B8AED000C2E48 /* HSDHttpConnection+View.m in Sources */,
				8F1218E9207B8C95000C2E48 /* HSDUtility.m in Sources */,
				8F1218D4207B8AED000C2E48 /* HSDHttpConnection+Preview.m in Sources */,
				8F1218D6207B8AED000C2E48 /* HSDHttpConnection.m in Sources */,
				8F1218F8207C6357000C2E48 /* HSDWebSocket.m in Sources */,
				8F1218D1207B8AED000C2E48 /* HSDHttpConnection+Database.m in Sources */,
			);
			runOnlyForDeploymentPostprocessing = 0;
		};
		8F704BA51F3D529E002E1FAF /* Sources */ = {
			isa = PBXSourcesBuildPhase;
			buildActionMask = 2147483647;
			files = (
				8F704BB31F3D52DD002E1FAF /* FMTokenizers.m in Sources */,
				8F704BB71F3D52DD002E1FAF /* FMDatabasePool.m in Sources */,
				8F704BB21F3D52CC002E1FAF /* FMDatabase+FTS3.m in Sources */,
				8F704BB81F3D52DD002E1FAF /* FMDatabaseQueue.m in Sources */,
				8F704BB41F3D52DD002E1FAF /* FMDatabase+InMemoryOnDiskIO.m in Sources */,
				8F704BB51F3D52DD002E1FAF /* FMDatabase.m in Sources */,
				8F704BB91F3D52DD002E1FAF /* FMResultSet.m in Sources */,
				8F704BB61F3D52DD002E1FAF /* FMDatabaseAdditions.m in Sources */,
			);
			runOnlyForDeploymentPostprocessing = 0;
		};
		8F7E73F01FB9C3680044FD57 /* Sources */ = {
			isa = PBXSourcesBuildPhase;
			buildActionMask = 2147483647;
			files = (
				8FC544621FBAB41500C1DAFC /* ioapi.c in Sources */,
				8FC544651FBAB41500C1DAFC /* mztools.c in Sources */,
				8FC544661FBAB41500C1DAFC /* unzip.c in Sources */,
				8FC544671FBAB41500C1DAFC /* zip.c in Sources */,
				8FC544611FBAB40B00C1DAFC /* ZipArchive.m in Sources */,
			);
			runOnlyForDeploymentPostprocessing = 0;
		};
		8FF95F2A1F409D3700DDC97F /* Sources */ = {
			isa = PBXSourcesBuildPhase;
			buildActionMask = 2147483647;
			files = (
				8FF95F3B1F409D5A00DDC97F /* DDLog.m in Sources */,
				8FF95F3D1F409D5A00DDC97F /* DDTTYLogger.m in Sources */,
				8FF95F391F409D5A00DDC97F /* DDASLLogger.m in Sources */,
				8FF95F3E1F409D5A00DDC97F /* DDContextFilterLogFormatter.m in Sources */,
				8FF95F381F409D5A00DDC97F /* DDASLLogCapture.m in Sources */,
				8FF95F371F409D5A00DDC97F /* DDAbstractDatabaseLogger.m in Sources */,
				8FF95F3C1F409D5A00DDC97F /* DDOSLogger.m in Sources */,
				8FF95F401F409D5A00DDC97F /* DDMultiFormatter.m in Sources */,
				8FF95F3F1F409D5A00DDC97F /* DDDispatchQueueLogFormatter.m in Sources */,
				8FF95F3A1F409D5A00DDC97F /* DDFileLogger.m in Sources */,
			);
			runOnlyForDeploymentPostprocessing = 0;
		};
		8FF95F771F413C8100DDC97F /* Sources */ = {
			isa = PBXSourcesBuildPhase;
			buildActionMask = 2147483647;
			files = (
				8FF95F851F413C9C00DDC97F /* GCDAsyncUdpSocket.m in Sources */,
				8FF95F841F413C9C00DDC97F /* GCDAsyncSocket.m in Sources */,
			);
			runOnlyForDeploymentPostprocessing = 0;
		};
		8FF95F881F413D9600DDC97F /* Sources */ = {
			isa = PBXSourcesBuildPhase;
			buildActionMask = 2147483647;
			files = (
				8FF95FA81F413DBC00DDC97F /* PUTResponse.m in Sources */,
				8FF95F971F413DBC00DDC97F /* DDRange.m in Sources */,
				8FF95F9C1F413DBC00DDC97F /* MultipartFormDataParser.m in Sources */,
				8FF95FA01F413DBC00DDC97F /* HTTPDataResponse.m in Sources */,
				8FF95F9A1F413DBC00DDC97F /* HTTPMessage.m in Sources */,
				8FF95FA11F413DBC00DDC97F /* HTTPDynamicFileResponse.m in Sources */,
				8FF95F961F413DBC00DDC97F /* DDNumber.m in Sources */,
				8FF95F951F413DBC00DDC97F /* DDData.m in Sources */,
				8FF95FA51F413DBC00DDC97F /* DAVConnection.m in Sources */,
				8FF95F981F413DBC00DDC97F /* HTTPAuthenticationRequest.m in Sources */,
				8FF95FA31F413DBC00DDC97F /* HTTPRedirectResponse.m in Sources */,
				8FF95F9F1F413DBC00DDC97F /* HTTPAsyncFileResponse.m in Sources */,
				8FF95F9D1F413DBC00DDC97F /* MultipartMessageHeader.m in Sources */,
				8FF95FA21F413DBC00DDC97F /* HTTPFileResponse.m in Sources */,
				8FF95F9B1F413DBC00DDC97F /* HTTPServer.m in Sources */,
				8FF95FA61F413DBC00DDC97F /* DAVResponse.m in Sources */,
				8FF95FA41F413DBC00DDC97F /* WebSocket.m in Sources */,
				8FF95F9E1F413DBC00DDC97F /* MultipartMessageHeaderField.m in Sources */,
				8FF95FA71F413DBC00DDC97F /* DELETEResponse.m in Sources */,
				8FF95F991F413DBC00DDC97F /* HTTPConnection.m in Sources */,
			);
			runOnlyForDeploymentPostprocessing = 0;
		};
/* End PBXSourcesBuildPhase section */

/* Begin XCBuildConfiguration section */
		8F13E2B91F3C7B4500FF8881 /* Debug */ = {
			isa = XCBuildConfiguration;
			buildSettings = {
				ALWAYS_SEARCH_USER_PATHS = NO;
				CLANG_ANALYZER_NONNULL = YES;
				CLANG_ANALYZER_NUMBER_OBJECT_CONVERSION = YES_AGGRESSIVE;
				CLANG_CXX_LANGUAGE_STANDARD = "gnu++14";
				CLANG_CXX_LIBRARY = "libc++";
				CLANG_ENABLE_MODULES = YES;
				CLANG_ENABLE_OBJC_ARC = YES;
				CLANG_WARN_BLOCK_CAPTURE_AUTORELEASING = YES;
				CLANG_WARN_BOOL_CONVERSION = YES;
				CLANG_WARN_COMMA = YES;
				CLANG_WARN_CONSTANT_CONVERSION = YES;
				CLANG_WARN_DIRECT_OBJC_ISA_USAGE = YES_ERROR;
				CLANG_WARN_DOCUMENTATION_COMMENTS = YES;
				CLANG_WARN_EMPTY_BODY = YES;
				CLANG_WARN_ENUM_CONVERSION = YES;
				CLANG_WARN_INFINITE_RECURSION = YES;
				CLANG_WARN_INT_CONVERSION = YES;
				CLANG_WARN_NON_LITERAL_NULL_CONVERSION = YES;
				CLANG_WARN_OBJC_LITERAL_CONVERSION = YES;
				CLANG_WARN_OBJC_ROOT_CLASS = YES_ERROR;
				CLANG_WARN_RANGE_LOOP_ANALYSIS = YES;
				CLANG_WARN_STRICT_PROTOTYPES = YES;
				CLANG_WARN_SUSPICIOUS_MOVE = YES;
				CLANG_WARN_UNGUARDED_AVAILABILITY = YES_AGGRESSIVE;
				CLANG_WARN_UNREACHABLE_CODE = YES;
				CLANG_WARN__DUPLICATE_METHOD_MATCH = YES;
				CODE_SIGN_IDENTITY = "iPhone Developer";
				COPY_PHASE_STRIP = NO;
				DEBUG_INFORMATION_FORMAT = dwarf;
				ENABLE_STRICT_OBJC_MSGSEND = YES;
				ENABLE_TESTABILITY = YES;
				GCC_C_LANGUAGE_STANDARD = gnu11;
				GCC_DYNAMIC_NO_PIC = NO;
				GCC_NO_COMMON_BLOCKS = YES;
				GCC_OPTIMIZATION_LEVEL = 0;
				GCC_PREPROCESSOR_DEFINITIONS = (
					"DEBUG=1",
					"$(inherited)",
				);
				GCC_WARN_64_TO_32_BIT_CONVERSION = YES;
				GCC_WARN_ABOUT_RETURN_TYPE = YES_ERROR;
				GCC_WARN_UNDECLARED_SELECTOR = YES;
				GCC_WARN_UNINITIALIZED_AUTOS = YES_AGGRESSIVE;
				GCC_WARN_UNUSED_FUNCTION = YES;
				GCC_WARN_UNUSED_VARIABLE = YES;
				IPHONEOS_DEPLOYMENT_TARGET = 7.0;
				MTL_ENABLE_DEBUG_INFO = YES;
				ONLY_ACTIVE_ARCH = YES;
				OTHER_CFLAGS = "-fembed-bitcode";
				SDKROOT = iphoneos;
			};
			name = Debug;
		};
		8F13E2BA1F3C7B4500FF8881 /* Release */ = {
			isa = XCBuildConfiguration;
			buildSettings = {
				ALWAYS_SEARCH_USER_PATHS = NO;
				CLANG_ANALYZER_NONNULL = YES;
				CLANG_ANALYZER_NUMBER_OBJECT_CONVERSION = YES_AGGRESSIVE;
				CLANG_CXX_LANGUAGE_STANDARD = "gnu++14";
				CLANG_CXX_LIBRARY = "libc++";
				CLANG_ENABLE_MODULES = YES;
				CLANG_ENABLE_OBJC_ARC = YES;
				CLANG_WARN_BLOCK_CAPTURE_AUTORELEASING = YES;
				CLANG_WARN_BOOL_CONVERSION = YES;
				CLANG_WARN_COMMA = YES;
				CLANG_WARN_CONSTANT_CONVERSION = YES;
				CLANG_WARN_DIRECT_OBJC_ISA_USAGE = YES_ERROR;
				CLANG_WARN_DOCUMENTATION_COMMENTS = YES;
				CLANG_WARN_EMPTY_BODY = YES;
				CLANG_WARN_ENUM_CONVERSION = YES;
				CLANG_WARN_INFINITE_RECURSION = YES;
				CLANG_WARN_INT_CONVERSION = YES;
				CLANG_WARN_NON_LITERAL_NULL_CONVERSION = YES;
				CLANG_WARN_OBJC_LITERAL_CONVERSION = YES;
				CLANG_WARN_OBJC_ROOT_CLASS = YES_ERROR;
				CLANG_WARN_RANGE_LOOP_ANALYSIS = YES;
				CLANG_WARN_STRICT_PROTOTYPES = YES;
				CLANG_WARN_SUSPICIOUS_MOVE = YES;
				CLANG_WARN_UNGUARDED_AVAILABILITY = YES_AGGRESSIVE;
				CLANG_WARN_UNREACHABLE_CODE = YES;
				CLANG_WARN__DUPLICATE_METHOD_MATCH = YES;
				CODE_SIGN_IDENTITY = "iPhone Developer";
				COPY_PHASE_STRIP = NO;
				DEBUG_INFORMATION_FORMAT = "dwarf-with-dsym";
				ENABLE_NS_ASSERTIONS = NO;
				ENABLE_STRICT_OBJC_MSGSEND = YES;
				GCC_C_LANGUAGE_STANDARD = gnu11;
				GCC_NO_COMMON_BLOCKS = YES;
				GCC_WARN_64_TO_32_BIT_CONVERSION = YES;
				GCC_WARN_ABOUT_RETURN_TYPE = YES_ERROR;
				GCC_WARN_UNDECLARED_SELECTOR = YES;
				GCC_WARN_UNINITIALIZED_AUTOS = YES_AGGRESSIVE;
				GCC_WARN_UNUSED_FUNCTION = YES;
				GCC_WARN_UNUSED_VARIABLE = YES;
				IPHONEOS_DEPLOYMENT_TARGET = 7.0;
				MTL_ENABLE_DEBUG_INFO = NO;
				OTHER_CFLAGS = "-fembed-bitcode";
				SDKROOT = iphoneos;
				VALIDATE_PRODUCT = YES;
			};
			name = Release;
		};
		8F13E2BC1F3C7B4500FF8881 /* Debug */ = {
			isa = XCBuildConfiguration;
			buildSettings = {
				GCC_GENERATE_DEBUGGING_SYMBOLS = YES;
				HEADER_SEARCH_PATHS = "";
				OTHER_LDFLAGS = (
					"$(inherited)",
					"-ObjC",
				);
				PRODUCT_NAME = "$(TARGET_NAME)";
				SKIP_INSTALL = YES;
				TARGETED_DEVICE_FAMILY = "1,2";
			};
			name = Debug;
		};
		8F13E2BD1F3C7B4500FF8881 /* Release */ = {
			isa = XCBuildConfiguration;
			buildSettings = {
				GCC_GENERATE_DEBUGGING_SYMBOLS = NO;
				HEADER_SEARCH_PATHS = "";
				OTHER_LDFLAGS = (
					"$(inherited)",
					"-ObjC",
				);
				PRODUCT_NAME = "$(TARGET_NAME)";
				SKIP_INSTALL = YES;
				TARGETED_DEVICE_FAMILY = "1,2";
			};
			name = Release;
		};
		8F704BB01F3D529E002E1FAF /* Debug */ = {
			isa = XCBuildConfiguration;
			buildSettings = {
				OTHER_LDFLAGS = "-ObjC";
				PRODUCT_NAME = "$(TARGET_NAME)";
				SKIP_INSTALL = YES;
				TARGETED_DEVICE_FAMILY = "1,2";
			};
			name = Debug;
		};
		8F704BB11F3D529E002E1FAF /* Release */ = {
			isa = XCBuildConfiguration;
			buildSettings = {
				OTHER_LDFLAGS = "-ObjC";
				PRODUCT_NAME = "$(TARGET_NAME)";
				SKIP_INSTALL = YES;
				TARGETED_DEVICE_FAMILY = "1,2";
			};
			name = Release;
		};
		8F7E73FB1FB9C3690044FD57 /* Debug */ = {
			isa = XCBuildConfiguration;
			buildSettings = {
				CLANG_ENABLE_OBJC_ARC = NO;
				CODE_SIGN_STYLE = Automatic;
				OTHER_LDFLAGS = "-ObjC";
				PRODUCT_NAME = "$(TARGET_NAME)";
				SKIP_INSTALL = YES;
				TARGETED_DEVICE_FAMILY = "1,2";
			};
			name = Debug;
		};
		8F7E73FC1FB9C3690044FD57 /* Release */ = {
			isa = XCBuildConfiguration;
			buildSettings = {
				CLANG_ENABLE_OBJC_ARC = NO;
				CODE_SIGN_STYLE = Automatic;
				OTHER_LDFLAGS = "-ObjC";
				PRODUCT_NAME = "$(TARGET_NAME)";
				SKIP_INSTALL = YES;
				TARGETED_DEVICE_FAMILY = "1,2";
			};
			name = Release;
		};
		8FF95F351F409D3700DDC97F /* Debug */ = {
			isa = XCBuildConfiguration;
			buildSettings = {
				OTHER_LDFLAGS = "-ObjC";
				PRODUCT_NAME = "$(TARGET_NAME)";
				SKIP_INSTALL = YES;
				TARGETED_DEVICE_FAMILY = "1,2";
			};
			name = Debug;
		};
		8FF95F361F409D3700DDC97F /* Release */ = {
			isa = XCBuildConfiguration;
			buildSettings = {
				OTHER_LDFLAGS = "-ObjC";
				PRODUCT_NAME = "$(TARGET_NAME)";
				SKIP_INSTALL = YES;
				TARGETED_DEVICE_FAMILY = "1,2";
			};
			name = Release;
		};
		8FF95F821F413C8100DDC97F /* Debug */ = {
			isa = XCBuildConfiguration;
			buildSettings = {
				OTHER_LDFLAGS = "-ObjC";
				PRODUCT_NAME = "$(TARGET_NAME)";
				SKIP_INSTALL = YES;
				TARGETED_DEVICE_FAMILY = "1,2";
			};
			name = Debug;
		};
		8FF95F831F413C8100DDC97F /* Release */ = {
			isa = XCBuildConfiguration;
			buildSettings = {
				OTHER_LDFLAGS = "-ObjC";
				PRODUCT_NAME = "$(TARGET_NAME)";
				SKIP_INSTALL = YES;
				TARGETED_DEVICE_FAMILY = "1,2";
			};
			name = Release;
		};
		8FF95F931F413D9700DDC97F /* Debug */ = {
			isa = XCBuildConfiguration;
			buildSettings = {
				HEADER_SEARCH_PATHS = /usr/include/libxml2;
				OTHER_LDFLAGS = "-ObjC";
				PRODUCT_NAME = "$(TARGET_NAME)";
				SKIP_INSTALL = YES;
				TARGETED_DEVICE_FAMILY = "1,2";
			};
			name = Debug;
		};
		8FF95F941F413D9700DDC97F /* Release */ = {
			isa = XCBuildConfiguration;
			buildSettings = {
				HEADER_SEARCH_PATHS = /usr/include/libxml2;
				OTHER_LDFLAGS = "-ObjC";
				PRODUCT_NAME = "$(TARGET_NAME)";
				SKIP_INSTALL = YES;
				TARGETED_DEVICE_FAMILY = "1,2";
			};
			name = Release;
		};
/* End XCBuildConfiguration section */

/* Begin XCConfigurationList section */
		8F13E2AD1F3C7B4500FF8881 /* Build configuration list for PBXProject "HttpServerDebug" */ = {
			isa = XCConfigurationList;
			buildConfigurations = (
				8F13E2B91F3C7B4500FF8881 /* Debug */,
				8F13E2BA1F3C7B4500FF8881 /* Release */,
			);
			defaultConfigurationIsVisible = 0;
			defaultConfigurationName = Release;
		};
		8F13E2BB1F3C7B4500FF8881 /* Build configuration list for PBXNativeTarget "HttpServerDebug" */ = {
			isa = XCConfigurationList;
			buildConfigurations = (
				8F13E2BC1F3C7B4500FF8881 /* Debug */,
				8F13E2BD1F3C7B4500FF8881 /* Release */,
			);
			defaultConfigurationIsVisible = 0;
			defaultConfigurationName = Release;
		};
		8F704BAF1F3D529E002E1FAF /* Build configuration list for PBXNativeTarget "FMDB" */ = {
			isa = XCConfigurationList;
			buildConfigurations = (
				8F704BB01F3D529E002E1FAF /* Debug */,
				8F704BB11F3D529E002E1FAF /* Release */,
			);
			defaultConfigurationIsVisible = 0;
			defaultConfigurationName = Release;
		};
		8F7E73FA1FB9C3690044FD57 /* Build configuration list for PBXNativeTarget "ZipArchive" */ = {
			isa = XCConfigurationList;
			buildConfigurations = (
				8F7E73FB1FB9C3690044FD57 /* Debug */,
				8F7E73FC1FB9C3690044FD57 /* Release */,
			);
			defaultConfigurationIsVisible = 0;
			defaultConfigurationName = Release;
		};
		8FF95F341F409D3700DDC97F /* Build configuration list for PBXNativeTarget "CocoaLumberjack" */ = {
			isa = XCConfigurationList;
			buildConfigurations = (
				8FF95F351F409D3700DDC97F /* Debug */,
				8FF95F361F409D3700DDC97F /* Release */,
			);
			defaultConfigurationIsVisible = 0;
			defaultConfigurationName = Release;
		};
		8FF95F811F413C8100DDC97F /* Build configuration list for PBXNativeTarget "CocoaAsyncSocket" */ = {
			isa = XCConfigurationList;
			buildConfigurations = (
				8FF95F821F413C8100DDC97F /* Debug */,
				8FF95F831F413C8100DDC97F /* Release */,
			);
			defaultConfigurationIsVisible = 0;
			defaultConfigurationName = Release;
		};
		8FF95F921F413D9700DDC97F /* Build configuration list for PBXNativeTarget "CocoaHttpServer" */ = {
			isa = XCConfigurationList;
			buildConfigurations = (
				8FF95F931F413D9700DDC97F /* Debug */,
				8FF95F941F413D9700DDC97F /* Release */,
			);
			defaultConfigurationIsVisible = 0;
			defaultConfigurationName = Release;
		};
/* End XCConfigurationList section */
	};
	rootObject = 8F13E2AA1F3C7B4500FF8881 /* Project object */;
}
