// !$*UTF8*$!
{
	archiveVersion = 1;
	classes = {
	};
	objectVersion = 48;
	objects = {

/* Begin PBXBuildFile section */
		394EE23622A1490B006C2BB6 /* HSDWebSocketHandler.m in Sources */ = {isa = PBXBuildFile; fileRef = 394EE23522A1490B006C2BB6 /* HSDWebSocketHandler.m */; };
		394F547122BBC9770012C067 /* HSDGWebServerResponse.m in Sources */ = {isa = PBXBuildFile; fileRef = 394F545322BBC9770012C067 /* HSDGWebServerResponse.m */; };
		394F547222BBC9770012C067 /* HSDGWebServerRequest.m in Sources */ = {isa = PBXBuildFile; fileRef = 394F545622BBC9770012C067 /* HSDGWebServerRequest.m */; };
		394F547322BBC9770012C067 /* HSDGWebServerFunctions.m in Sources */ = {isa = PBXBuildFile; fileRef = 394F545A22BBC9770012C067 /* HSDGWebServerFunctions.m */; };
		394F547422BBC9770012C067 /* HSDGWebServer.m in Sources */ = {isa = PBXBuildFile; fileRef = 394F545B22BBC9770012C067 /* HSDGWebServer.m */; };
		394F547522BBC9770012C067 /* HSDGWebServerConnection.m in Sources */ = {isa = PBXBuildFile; fileRef = 394F545C22BBC9770012C067 /* HSDGWebServerConnection.m */; };
		394F547622BBC9770012C067 /* HSDGWebSocket.m in Sources */ = {isa = PBXBuildFile; fileRef = 394F545E22BBC9770012C067 /* HSDGWebSocket.m */; };
		394F547722BBC9770012C067 /* HSDGWebServerErrorResponse.m in Sources */ = {isa = PBXBuildFile; fileRef = 394F546222BBC9770012C067 /* HSDGWebServerErrorResponse.m */; };
		394F547822BBC9770012C067 /* HSDGWebServerFileResponse.m in Sources */ = {isa = PBXBuildFile; fileRef = 394F546422BBC9770012C067 /* HSDGWebServerFileResponse.m */; };
		394F547922BBC9770012C067 /* HSDGWebServerDataResponse.m in Sources */ = {isa = PBXBuildFile; fileRef = 394F546522BBC9770012C067 /* HSDGWebServerDataResponse.m */; };
		394F547A22BBC9770012C067 /* HSDGWebServerStreamedResponse.m in Sources */ = {isa = PBXBuildFile; fileRef = 394F546722BBC9770012C067 /* HSDGWebServerStreamedResponse.m */; };
		394F547B22BBC9770012C067 /* HSDGWebServerURLEncodedFormRequest.m in Sources */ = {isa = PBXBuildFile; fileRef = 394F546C22BBC9770012C067 /* HSDGWebServerURLEncodedFormRequest.m */; };
		394F547C22BBC9770012C067 /* HSDGWebServerMultiPartFormRequest.m in Sources */ = {isa = PBXBuildFile; fileRef = 394F546D22BBC9770012C067 /* HSDGWebServerMultiPartFormRequest.m */; };
		394F547D22BBC9770012C067 /* HSDGWebServerDataRequest.m in Sources */ = {isa = PBXBuildFile; fileRef = 394F546E22BBC9770012C067 /* HSDGWebServerDataRequest.m */; };
		394F547E22BBC9770012C067 /* HSDGWebServerFileRequest.m in Sources */ = {isa = PBXBuildFile; fileRef = 394F546F22BBC9770012C067 /* HSDGWebServerFileRequest.m */; };
		8F1218DB207B8B58000C2E48 /* HttpServerDebug.h in CopyFiles */ = {isa = PBXBuildFile; fileRef = 8F1218C9207B8AED000C2E48 /* HttpServerDebug.h */; };
		8F1218F2207C5BB6000C2E48 /* HttpServerDebug.bundle in Resources */ = {isa = PBXBuildFile; fileRef = 8F1218F1207C5BB6000C2E48 /* HttpServerDebug.bundle */; };
		8F32317C20BAEF5800E3254B /* HSDConsoleLogComponent.m in Sources */ = {isa = PBXBuildFile; fileRef = 8F32316420BAEF5800E3254B /* HSDConsoleLogComponent.m */; };
		8F32317D20BAEF5800E3254B /* HSDDBInspectComponent.m in Sources */ = {isa = PBXBuildFile; fileRef = 8F32316620BAEF5800E3254B /* HSDDBInspectComponent.m */; };
		8F32317E20BAEF5800E3254B /* HSDFileExplorerComponent.m in Sources */ = {isa = PBXBuildFile; fileRef = 8F32316820BAEF5800E3254B /* HSDFileExplorerComponent.m */; };
		8F32317F20BAEF5800E3254B /* HSDFilePreviewComponent.m in Sources */ = {isa = PBXBuildFile; fileRef = 8F32316A20BAEF5800E3254B /* HSDFilePreviewComponent.m */; };
		8F32318020BAEF5800E3254B /* HSDHostNameResolveComponent.m in Sources */ = {isa = PBXBuildFile; fileRef = 8F32316C20BAEF5800E3254B /* HSDHostNameResolveComponent.m */; };
		8F32318120BAEF5800E3254B /* HSDSendInfoComponent.m in Sources */ = {isa = PBXBuildFile; fileRef = 8F32316E20BAEF5800E3254B /* HSDSendInfoComponent.m */; };
		8F32318220BAEF5800E3254B /* HSDViewDebugComponent.m in Sources */ = {isa = PBXBuildFile; fileRef = 8F32317020BAEF5800E3254B /* HSDViewDebugComponent.m */; };
		8F32318320BAEF5800E3254B /* HSDDefine.m in Sources */ = {isa = PBXBuildFile; fileRef = 8F32317220BAEF5800E3254B /* HSDDefine.m */; };
		8F32318420BAEF5800E3254B /* HSDHttpServerControlPannelController.m in Sources */ = {isa = PBXBuildFile; fileRef = 8F32317520BAEF5800E3254B /* HSDHttpServerControlPannelController.m */; };
		8F32318520BAEF5800E3254B /* HSDManager.m in Sources */ = {isa = PBXBuildFile; fileRef = 8F32317820BAEF5800E3254B /* HSDManager.m */; };
		8F66EC1720C16C8500537A79 /* HSDManager.h in CopyFiles */ = {isa = PBXBuildFile; fileRef = 8F32317720BAEF5800E3254B /* HSDManager.h */; };
		8F66EC1820C16CA000537A79 /* HSDHttpServerControlPannelController.h in CopyFiles */ = {isa = PBXBuildFile; fileRef = 8F32317420BAEF5800E3254B /* HSDHttpServerControlPannelController.h */; };
		8F66EC1920C16CB600537A79 /* HSDDelegate.h in CopyFiles */ = {isa = PBXBuildFile; fileRef = 8F32317320BAEF5800E3254B /* HSDDelegate.h */; };
		8F704BB21F3D52CC002E1FAF /* FMDatabase+FTS3.m in Sources */ = {isa = PBXBuildFile; fileRef = 8F704B921F3D5275002E1FAF /* FMDatabase+FTS3.m */; };
		8F704BB31F3D52DD002E1FAF /* FMTokenizers.m in Sources */ = {isa = PBXBuildFile; fileRef = 8F704B941F3D5275002E1FAF /* FMTokenizers.m */; };
		8F704BB41F3D52DD002E1FAF /* FMDatabase+InMemoryOnDiskIO.m in Sources */ = {isa = PBXBuildFile; fileRef = 8F704B981F3D5275002E1FAF /* FMDatabase+InMemoryOnDiskIO.m */; };
		8F704BB51F3D52DD002E1FAF /* FMDatabase.m in Sources */ = {isa = PBXBuildFile; fileRef = 8F704B9B1F3D5275002E1FAF /* FMDatabase.m */; };
		8F704BB61F3D52DD002E1FAF /* FMDatabaseAdditions.m in Sources */ = {isa = PBXBuildFile; fileRef = 8F704B9D1F3D5275002E1FAF /* FMDatabaseAdditions.m */; };
		8F704BB71F3D52DD002E1FAF /* FMDatabasePool.m in Sources */ = {isa = PBXBuildFile; fileRef = 8F704B9F1F3D5275002E1FAF /* FMDatabasePool.m */; };
		8F704BB81F3D52DD002E1FAF /* FMDatabaseQueue.m in Sources */ = {isa = PBXBuildFile; fileRef = 8F704BA11F3D5275002E1FAF /* FMDatabaseQueue.m */; };
		8F704BB91F3D52DD002E1FAF /* FMResultSet.m in Sources */ = {isa = PBXBuildFile; fileRef = 8F704BA41F3D5275002E1FAF /* FMResultSet.m */; };
		8FBFFA4021901D6A00551DAD /* HSDRequestHandler.m in Sources */ = {isa = PBXBuildFile; fileRef = 8FBFFA3F21901D6A00551DAD /* HSDRequestHandler.m */; };
		8FBFFA432190387500551DAD /* HSDComponentMiddleware.m in Sources */ = {isa = PBXBuildFile; fileRef = 8FBFFA422190387500551DAD /* HSDComponentMiddleware.m */; };
		8FBFFA4621903C6500551DAD /* HSDResponseInfo.m in Sources */ = {isa = PBXBuildFile; fileRef = 8FBFFA4521903C6500551DAD /* HSDResponseInfo.m */; };
		8FF8DBE92110782000060B44 /* HSDzip.c in Sources */ = {isa = PBXBuildFile; fileRef = 8FF8DBC32110781F00060B44 /* HSDzip.c */; };
		8FF8DBEA2110782000060B44 /* HSDioapi.c in Sources */ = {isa = PBXBuildFile; fileRef = 8FF8DBC52110781F00060B44 /* HSDioapi.c */; };
		8FF8DBF72110782000060B44 /* HSDZipArchive.m in Sources */ = {isa = PBXBuildFile; fileRef = 8FF8DBE42110781F00060B44 /* HSDZipArchive.m */; };
/* End PBXBuildFile section */

/* Begin PBXCopyFilesBuildPhase section */
		8F13E2B01F3C7B4500FF8881 /* CopyFiles */ = {
			isa = PBXCopyFilesBuildPhase;
			buildActionMask = 2147483647;
			dstPath = include;
			dstSubfolderSpec = 16;
			files = (
				8F66EC1920C16CB600537A79 /* HSDDelegate.h in CopyFiles */,
				8F66EC1820C16CA000537A79 /* HSDHttpServerControlPannelController.h in CopyFiles */,
				8F66EC1720C16C8500537A79 /* HSDManager.h in CopyFiles */,
				8F1218DB207B8B58000C2E48 /* HttpServerDebug.h in CopyFiles */,
			);
			runOnlyForDeploymentPostprocessing = 0;
		};
		8F704BA71F3D529E002E1FAF /* CopyFiles */ = {
			isa = PBXCopyFilesBuildPhase;
			buildActionMask = 2147483647;
			dstPath = "include/$(PRODUCT_NAME)";
			dstSubfolderSpec = 16;
			files = (
			);
			runOnlyForDeploymentPostprocessing = 0;
		};
/* End PBXCopyFilesBuildPhase section */

/* Begin PBXFileReference section */
		3913FE5322BC929500F16D0A /* README.md */ = {isa = PBXFileReference; fileEncoding = 4; lastKnownFileType = net.daringfireball.markdown; path = README.md; sourceTree = "<group>"; };
		394EE23422A1490B006C2BB6 /* HSDWebSocketHandler.h */ = {isa = PBXFileReference; lastKnownFileType = sourcecode.c.h; path = HSDWebSocketHandler.h; sourceTree = "<group>"; };
		394EE23522A1490B006C2BB6 /* HSDWebSocketHandler.m */ = {isa = PBXFileReference; lastKnownFileType = sourcecode.c.objc; path = HSDWebSocketHandler.m; sourceTree = "<group>"; };
		394F545122BBC9770012C067 /* HSDGWebServerFunctions.h */ = {isa = PBXFileReference; fileEncoding = 4; lastKnownFileType = sourcecode.c.h; path = HSDGWebServerFunctions.h; sourceTree = "<group>"; };
		394F545222BBC9770012C067 /* HSDGWebServerPrivate.h */ = {isa = PBXFileReference; fileEncoding = 4; lastKnownFileType = sourcecode.c.h; path = HSDGWebServerPrivate.h; sourceTree = "<group>"; };
		394F545322BBC9770012C067 /* HSDGWebServerResponse.m */ = {isa = PBXFileReference; fileEncoding = 4; lastKnownFileType = sourcecode.c.objc; path = HSDGWebServerResponse.m; sourceTree = "<group>"; };
		394F545422BBC9770012C067 /* HSDGWebServerConnection.h */ = {isa = PBXFileReference; fileEncoding = 4; lastKnownFileType = sourcecode.c.h; path = HSDGWebServerConnection.h; sourceTree = "<group>"; };
		394F545522BBC9770012C067 /* HSDGWebServer.h */ = {isa = PBXFileReference; fileEncoding = 4; lastKnownFileType = sourcecode.c.h; path = HSDGWebServer.h; sourceTree = "<group>"; };
		394F545622BBC9770012C067 /* HSDGWebServerRequest.m */ = {isa = PBXFileReference; fileEncoding = 4; lastKnownFileType = sourcecode.c.objc; path = HSDGWebServerRequest.m; sourceTree = "<group>"; };
		394F545722BBC9770012C067 /* HSDGWebSocket.h */ = {isa = PBXFileReference; fileEncoding = 4; lastKnownFileType = sourcecode.c.h; path = HSDGWebSocket.h; sourceTree = "<group>"; };
		394F545822BBC9770012C067 /* HSDGWebServerHTTPStatusCodes.h */ = {isa = PBXFileReference; fileEncoding = 4; lastKnownFileType = sourcecode.c.h; path = HSDGWebServerHTTPStatusCodes.h; sourceTree = "<group>"; };
		394F545922BBC9770012C067 /* HSDGWebServerResponse.h */ = {isa = PBXFileReference; fileEncoding = 4; lastKnownFileType = sourcecode.c.h; path = HSDGWebServerResponse.h; sourceTree = "<group>"; };
		394F545A22BBC9770012C067 /* HSDGWebServerFunctions.m */ = {isa = PBXFileReference; fileEncoding = 4; lastKnownFileType = sourcecode.c.objc; path = HSDGWebServerFunctions.m; sourceTree = "<group>"; };
		394F545B22BBC9770012C067 /* HSDGWebServer.m */ = {isa = PBXFileReference; fileEncoding = 4; lastKnownFileType = sourcecode.c.objc; path = HSDGWebServer.m; sourceTree = "<group>"; };
		394F545C22BBC9770012C067 /* HSDGWebServerConnection.m */ = {isa = PBXFileReference; fileEncoding = 4; lastKnownFileType = sourcecode.c.objc; path = HSDGWebServerConnection.m; sourceTree = "<group>"; };
		394F545D22BBC9770012C067 /* HSDGWebServerRequest.h */ = {isa = PBXFileReference; fileEncoding = 4; lastKnownFileType = sourcecode.c.h; path = HSDGWebServerRequest.h; sourceTree = "<group>"; };
		394F545E22BBC9770012C067 /* HSDGWebSocket.m */ = {isa = PBXFileReference; fileEncoding = 4; lastKnownFileType = sourcecode.c.objc; path = HSDGWebSocket.m; sourceTree = "<group>"; };
		394F546022BBC9770012C067 /* HSDGWebServerFileResponse.h */ = {isa = PBXFileReference; fileEncoding = 4; lastKnownFileType = sourcecode.c.h; path = HSDGWebServerFileResponse.h; sourceTree = "<group>"; };
		394F546122BBC9770012C067 /* HSDGWebServerStreamedResponse.h */ = {isa = PBXFileReference; fileEncoding = 4; lastKnownFileType = sourcecode.c.h; path = HSDGWebServerStreamedResponse.h; sourceTree = "<group>"; };
		394F546222BBC9770012C067 /* HSDGWebServerErrorResponse.m */ = {isa = PBXFileReference; fileEncoding = 4; lastKnownFileType = sourcecode.c.objc; path = HSDGWebServerErrorResponse.m; sourceTree = "<group>"; };
		394F546322BBC9770012C067 /* HSDGWebServerDataResponse.h */ = {isa = PBXFileReference; fileEncoding = 4; lastKnownFileType = sourcecode.c.h; path = HSDGWebServerDataResponse.h; sourceTree = "<group>"; };
		394F546422BBC9770012C067 /* HSDGWebServerFileResponse.m */ = {isa = PBXFileReference; fileEncoding = 4; lastKnownFileType = sourcecode.c.objc; path = HSDGWebServerFileResponse.m; sourceTree = "<group>"; };
		394F546522BBC9770012C067 /* HSDGWebServerDataResponse.m */ = {isa = PBXFileReference; fileEncoding = 4; lastKnownFileType = sourcecode.c.objc; path = HSDGWebServerDataResponse.m; sourceTree = "<group>"; };
		394F546622BBC9770012C067 /* HSDGWebServerErrorResponse.h */ = {isa = PBXFileReference; fileEncoding = 4; lastKnownFileType = sourcecode.c.h; path = HSDGWebServerErrorResponse.h; sourceTree = "<group>"; };
		394F546722BBC9770012C067 /* HSDGWebServerStreamedResponse.m */ = {isa = PBXFileReference; fileEncoding = 4; lastKnownFileType = sourcecode.c.objc; path = HSDGWebServerStreamedResponse.m; sourceTree = "<group>"; };
		394F546922BBC9770012C067 /* HSDGWebServerDataRequest.h */ = {isa = PBXFileReference; fileEncoding = 4; lastKnownFileType = sourcecode.c.h; path = HSDGWebServerDataRequest.h; sourceTree = "<group>"; };
		394F546A22BBC9770012C067 /* HSDGWebServerMultiPartFormRequest.h */ = {isa = PBXFileReference; fileEncoding = 4; lastKnownFileType = sourcecode.c.h; path = HSDGWebServerMultiPartFormRequest.h; sourceTree = "<group>"; };
		394F546B22BBC9770012C067 /* HSDGWebServerFileRequest.h */ = {isa = PBXFileReference; fileEncoding = 4; lastKnownFileType = sourcecode.c.h; path = HSDGWebServerFileRequest.h; sourceTree = "<group>"; };
		394F546C22BBC9770012C067 /* HSDGWebServerURLEncodedFormRequest.m */ = {isa = PBXFileReference; fileEncoding = 4; lastKnownFileType = sourcecode.c.objc; path = HSDGWebServerURLEncodedFormRequest.m; sourceTree = "<group>"; };
		394F546D22BBC9770012C067 /* HSDGWebServerMultiPartFormRequest.m */ = {isa = PBXFileReference; fileEncoding = 4; lastKnownFileType = sourcecode.c.objc; path = HSDGWebServerMultiPartFormRequest.m; sourceTree = "<group>"; };
		394F546E22BBC9770012C067 /* HSDGWebServerDataRequest.m */ = {isa = PBXFileReference; fileEncoding = 4; lastKnownFileType = sourcecode.c.objc; path = HSDGWebServerDataRequest.m; sourceTree = "<group>"; };
		394F546F22BBC9770012C067 /* HSDGWebServerFileRequest.m */ = {isa = PBXFileReference; fileEncoding = 4; lastKnownFileType = sourcecode.c.objc; path = HSDGWebServerFileRequest.m; sourceTree = "<group>"; };
		394F547022BBC9770012C067 /* HSDGWebServerURLEncodedFormRequest.h */ = {isa = PBXFileReference; fileEncoding = 4; lastKnownFileType = sourcecode.c.h; path = HSDGWebServerURLEncodedFormRequest.h; sourceTree = "<group>"; };
		8F1218C9207B8AED000C2E48 /* HttpServerDebug.h */ = {isa = PBXFileReference; fileEncoding = 4; lastKnownFileType = sourcecode.c.h; path = HttpServerDebug.h; sourceTree = "<group>"; };
		8F1218F1207C5BB6000C2E48 /* HttpServerDebug.bundle */ = {isa = PBXFileReference; lastKnownFileType = "wrapper.plug-in"; path = HttpServerDebug.bundle; sourceTree = "<group>"; };
		8F13E2B21F3C7B4500FF8881 /* libHttpServerDebug.a */ = {isa = PBXFileReference; explicitFileType = archive.ar; includeInIndex = 0; path = libHttpServerDebug.a; sourceTree = BUILT_PRODUCTS_DIR; };
		8F16DD711F3CABD200A2BFBF /* libxml2.dylib */ = {isa = PBXFileReference; lastKnownFileType = "compiled.mach-o.dylib"; name = libxml2.dylib; path = ../../../../../usr/lib/libxml2.dylib; sourceTree = "<group>"; };
		8F32316320BAEF5800E3254B /* HSDConsoleLogComponent.h */ = {isa = PBXFileReference; fileEncoding = 4; lastKnownFileType = sourcecode.c.h; path = HSDConsoleLogComponent.h; sourceTree = "<group>"; };
		8F32316420BAEF5800E3254B /* HSDConsoleLogComponent.m */ = {isa = PBXFileReference; fileEncoding = 4; lastKnownFileType = sourcecode.c.objc; path = HSDConsoleLogComponent.m; sourceTree = "<group>"; };
		8F32316520BAEF5800E3254B /* HSDDBInspectComponent.h */ = {isa = PBXFileReference; fileEncoding = 4; lastKnownFileType = sourcecode.c.h; path = HSDDBInspectComponent.h; sourceTree = "<group>"; };
		8F32316620BAEF5800E3254B /* HSDDBInspectComponent.m */ = {isa = PBXFileReference; fileEncoding = 4; lastKnownFileType = sourcecode.c.objc; path = HSDDBInspectComponent.m; sourceTree = "<group>"; };
		8F32316720BAEF5800E3254B /* HSDFileExplorerComponent.h */ = {isa = PBXFileReference; fileEncoding = 4; lastKnownFileType = sourcecode.c.h; path = HSDFileExplorerComponent.h; sourceTree = "<group>"; };
		8F32316820BAEF5800E3254B /* HSDFileExplorerComponent.m */ = {isa = PBXFileReference; fileEncoding = 4; lastKnownFileType = sourcecode.c.objc; path = HSDFileExplorerComponent.m; sourceTree = "<group>"; };
		8F32316920BAEF5800E3254B /* HSDFilePreviewComponent.h */ = {isa = PBXFileReference; fileEncoding = 4; lastKnownFileType = sourcecode.c.h; path = HSDFilePreviewComponent.h; sourceTree = "<group>"; };
		8F32316A20BAEF5800E3254B /* HSDFilePreviewComponent.m */ = {isa = PBXFileReference; fileEncoding = 4; lastKnownFileType = sourcecode.c.objc; path = HSDFilePreviewComponent.m; sourceTree = "<group>"; };
		8F32316B20BAEF5800E3254B /* HSDHostNameResolveComponent.h */ = {isa = PBXFileReference; fileEncoding = 4; lastKnownFileType = sourcecode.c.h; path = HSDHostNameResolveComponent.h; sourceTree = "<group>"; };
		8F32316C20BAEF5800E3254B /* HSDHostNameResolveComponent.m */ = {isa = PBXFileReference; fileEncoding = 4; lastKnownFileType = sourcecode.c.objc; path = HSDHostNameResolveComponent.m; sourceTree = "<group>"; };
		8F32316D20BAEF5800E3254B /* HSDSendInfoComponent.h */ = {isa = PBXFileReference; fileEncoding = 4; lastKnownFileType = sourcecode.c.h; path = HSDSendInfoComponent.h; sourceTree = "<group>"; };
		8F32316E20BAEF5800E3254B /* HSDSendInfoComponent.m */ = {isa = PBXFileReference; fileEncoding = 4; lastKnownFileType = sourcecode.c.objc; path = HSDSendInfoComponent.m; sourceTree = "<group>"; };
		8F32316F20BAEF5800E3254B /* HSDViewDebugComponent.h */ = {isa = PBXFileReference; fileEncoding = 4; lastKnownFileType = sourcecode.c.h; path = HSDViewDebugComponent.h; sourceTree = "<group>"; };
		8F32317020BAEF5800E3254B /* HSDViewDebugComponent.m */ = {isa = PBXFileReference; fileEncoding = 4; lastKnownFileType = sourcecode.c.objc; path = HSDViewDebugComponent.m; sourceTree = "<group>"; };
		8F32317120BAEF5800E3254B /* HSDDefine.h */ = {isa = PBXFileReference; fileEncoding = 4; lastKnownFileType = sourcecode.c.h; path = HSDDefine.h; sourceTree = "<group>"; };
		8F32317220BAEF5800E3254B /* HSDDefine.m */ = {isa = PBXFileReference; fileEncoding = 4; lastKnownFileType = sourcecode.c.objc; path = HSDDefine.m; sourceTree = "<group>"; };
		8F32317320BAEF5800E3254B /* HSDDelegate.h */ = {isa = PBXFileReference; fileEncoding = 4; lastKnownFileType = sourcecode.c.h; path = HSDDelegate.h; sourceTree = "<group>"; };
		8F32317420BAEF5800E3254B /* HSDHttpServerControlPannelController.h */ = {isa = PBXFileReference; fileEncoding = 4; lastKnownFileType = sourcecode.c.h; path = HSDHttpServerControlPannelController.h; sourceTree = "<group>"; };
		8F32317520BAEF5800E3254B /* HSDHttpServerControlPannelController.m */ = {isa = PBXFileReference; fileEncoding = 4; lastKnownFileType = sourcecode.c.objc; path = HSDHttpServerControlPannelController.m; sourceTree = "<group>"; };
		8F32317620BAEF5800E3254B /* HSDManager+Project.h */ = {isa = PBXFileReference; fileEncoding = 4; lastKnownFileType = sourcecode.c.h; path = "HSDManager+Project.h"; sourceTree = "<group>"; };
		8F32317720BAEF5800E3254B /* HSDManager.h */ = {isa = PBXFileReference; fileEncoding = 4; lastKnownFileType = sourcecode.c.h; path = HSDManager.h; sourceTree = "<group>"; };
		8F32317820BAEF5800E3254B /* HSDManager.m */ = {isa = PBXFileReference; fileEncoding = 4; lastKnownFileType = sourcecode.c.objc; path = HSDManager.m; sourceTree = "<group>"; };
		8F704B911F3D5275002E1FAF /* FMDatabase+FTS3.h */ = {isa = PBXFileReference; lastKnownFileType = sourcecode.c.h; path = "FMDatabase+FTS3.h"; sourceTree = "<group>"; };
		8F704B921F3D5275002E1FAF /* FMDatabase+FTS3.m */ = {isa = PBXFileReference; lastKnownFileType = sourcecode.c.objc; path = "FMDatabase+FTS3.m"; sourceTree = "<group>"; };
		8F704B931F3D5275002E1FAF /* FMTokenizers.h */ = {isa = PBXFileReference; lastKnownFileType = sourcecode.c.h; path = FMTokenizers.h; sourceTree = "<group>"; };
		8F704B941F3D5275002E1FAF /* FMTokenizers.m */ = {isa = PBXFileReference; lastKnownFileType = sourcecode.c.objc; path = FMTokenizers.m; sourceTree = "<group>"; };
		8F704B951F3D5275002E1FAF /* fts3_tokenizer.h */ = {isa = PBXFileReference; lastKnownFileType = sourcecode.c.h; path = fts3_tokenizer.h; sourceTree = "<group>"; };
		8F704B971F3D5275002E1FAF /* FMDatabase+InMemoryOnDiskIO.h */ = {isa = PBXFileReference; lastKnownFileType = sourcecode.c.h; path = "FMDatabase+InMemoryOnDiskIO.h"; sourceTree = "<group>"; };
		8F704B981F3D5275002E1FAF /* FMDatabase+InMemoryOnDiskIO.m */ = {isa = PBXFileReference; lastKnownFileType = sourcecode.c.objc; path = "FMDatabase+InMemoryOnDiskIO.m"; sourceTree = "<group>"; };
		8F704B9A1F3D5275002E1FAF /* FMDatabase.h */ = {isa = PBXFileReference; lastKnownFileType = sourcecode.c.h; path = FMDatabase.h; sourceTree = "<group>"; };
		8F704B9B1F3D5275002E1FAF /* FMDatabase.m */ = {isa = PBXFileReference; lastKnownFileType = sourcecode.c.objc; path = FMDatabase.m; sourceTree = "<group>"; };
		8F704B9C1F3D5275002E1FAF /* FMDatabaseAdditions.h */ = {isa = PBXFileReference; lastKnownFileType = sourcecode.c.h; path = FMDatabaseAdditions.h; sourceTree = "<group>"; };
		8F704B9D1F3D5275002E1FAF /* FMDatabaseAdditions.m */ = {isa = PBXFileReference; lastKnownFileType = sourcecode.c.objc; path = FMDatabaseAdditions.m; sourceTree = "<group>"; };
		8F704B9E1F3D5275002E1FAF /* FMDatabasePool.h */ = {isa = PBXFileReference; lastKnownFileType = sourcecode.c.h; path = FMDatabasePool.h; sourceTree = "<group>"; };
		8F704B9F1F3D5275002E1FAF /* FMDatabasePool.m */ = {isa = PBXFileReference; lastKnownFileType = sourcecode.c.objc; path = FMDatabasePool.m; sourceTree = "<group>"; };
		8F704BA01F3D5275002E1FAF /* FMDatabaseQueue.h */ = {isa = PBXFileReference; lastKnownFileType = sourcecode.c.h; path = FMDatabaseQueue.h; sourceTree = "<group>"; };
		8F704BA11F3D5275002E1FAF /* FMDatabaseQueue.m */ = {isa = PBXFileReference; lastKnownFileType = sourcecode.c.objc; path = FMDatabaseQueue.m; sourceTree = "<group>"; };
		8F704BA21F3D5275002E1FAF /* FMDB.h */ = {isa = PBXFileReference; lastKnownFileType = sourcecode.c.h; path = FMDB.h; sourceTree = "<group>"; };
		8F704BA31F3D5275002E1FAF /* FMResultSet.h */ = {isa = PBXFileReference; lastKnownFileType = sourcecode.c.h; path = FMResultSet.h; sourceTree = "<group>"; };
		8F704BA41F3D5275002E1FAF /* FMResultSet.m */ = {isa = PBXFileReference; lastKnownFileType = sourcecode.c.objc; path = FMResultSet.m; sourceTree = "<group>"; };
		8F704BA91F3D529E002E1FAF /* libFMDB.a */ = {isa = PBXFileReference; explicitFileType = archive.ar; includeInIndex = 0; path = libFMDB.a; sourceTree = BUILT_PRODUCTS_DIR; };
		8FA70C841FA6E82500908C34 /* README.md */ = {isa = PBXFileReference; lastKnownFileType = net.daringfireball.markdown; path = README.md; sourceTree = "<group>"; };
		8FBFFA3E21901D6A00551DAD /* HSDRequestHandler.h */ = {isa = PBXFileReference; lastKnownFileType = sourcecode.c.h; path = HSDRequestHandler.h; sourceTree = "<group>"; };
		8FBFFA3F21901D6A00551DAD /* HSDRequestHandler.m */ = {isa = PBXFileReference; lastKnownFileType = sourcecode.c.objc; path = HSDRequestHandler.m; sourceTree = "<group>"; };
		8FBFFA412190387500551DAD /* HSDComponentMiddleware.h */ = {isa = PBXFileReference; fileEncoding = 4; lastKnownFileType = sourcecode.c.h; path = HSDComponentMiddleware.h; sourceTree = "<group>"; };
		8FBFFA422190387500551DAD /* HSDComponentMiddleware.m */ = {isa = PBXFileReference; fileEncoding = 4; lastKnownFileType = sourcecode.c.objc; path = HSDComponentMiddleware.m; sourceTree = "<group>"; };
		8FBFFA4421903C6500551DAD /* HSDResponseInfo.h */ = {isa = PBXFileReference; lastKnownFileType = sourcecode.c.h; path = HSDResponseInfo.h; sourceTree = "<group>"; };
		8FBFFA4521903C6500551DAD /* HSDResponseInfo.m */ = {isa = PBXFileReference; lastKnownFileType = sourcecode.c.objc; path = HSDResponseInfo.m; sourceTree = "<group>"; };
		8FF8DBC32110781F00060B44 /* HSDzip.c */ = {isa = PBXFileReference; fileEncoding = 4; lastKnownFileType = sourcecode.c.c; path = HSDzip.c; sourceTree = "<group>"; };
		8FF8DBC52110781F00060B44 /* HSDioapi.c */ = {isa = PBXFileReference; fileEncoding = 4; lastKnownFileType = sourcecode.c.c; path = HSDioapi.c; sourceTree = "<group>"; };
		8FF8DBC92110781F00060B44 /* HSDzip.h */ = {isa = PBXFileReference; fileEncoding = 4; lastKnownFileType = sourcecode.c.h; path = HSDzip.h; sourceTree = "<group>"; };
		8FF8DBCD2110781F00060B44 /* HSDioapi.h */ = {isa = PBXFileReference; fileEncoding = 4; lastKnownFileType = sourcecode.c.h; path = HSDioapi.h; sourceTree = "<group>"; };
		8FF8DBE42110781F00060B44 /* HSDZipArchive.m */ = {isa = PBXFileReference; fileEncoding = 4; lastKnownFileType = sourcecode.c.objc; path = HSDZipArchive.m; sourceTree = "<group>"; };
		8FF8DBE62110781F00060B44 /* HSDZipArchive.h */ = {isa = PBXFileReference; fileEncoding = 4; lastKnownFileType = sourcecode.c.h; path = HSDZipArchive.h; sourceTree = "<group>"; };
		8FF95FAB1F413E5100DDC97F /* libxml2.2.dylib */ = {isa = PBXFileReference; lastKnownFileType = "compiled.mach-o.dylib"; name = libxml2.2.dylib; path = ../../../../../usr/lib/libxml2.2.dylib; sourceTree = "<group>"; };
/* End PBXFileReference section */

/* Begin PBXFrameworksBuildPhase section */
		8F13E2AF1F3C7B4500FF8881 /* Frameworks */ = {
			isa = PBXFrameworksBuildPhase;
			buildActionMask = 2147483647;
			files = (
			);
			runOnlyForDeploymentPostprocessing = 0;
		};
		8F704BA61F3D529E002E1FAF /* Frameworks */ = {
			isa = PBXFrameworksBuildPhase;
			buildActionMask = 2147483647;
			files = (
			);
			runOnlyForDeploymentPostprocessing = 0;
		};
/* End PBXFrameworksBuildPhase section */

/* Begin PBXGroup section */
		394F544F22BBC9770012C067 /* WebServer */ = {
			isa = PBXGroup;
			children = (
				394F545022BBC9770012C067 /* Core */,
				394F545F22BBC9770012C067 /* Responses */,
				394F546822BBC9770012C067 /* Requests */,
			);
			path = WebServer;
			sourceTree = "<group>";
		};
		394F545022BBC9770012C067 /* Core */ = {
			isa = PBXGroup;
			children = (
				394F545522BBC9770012C067 /* HSDGWebServer.h */,
				394F545B22BBC9770012C067 /* HSDGWebServer.m */,
				394F545422BBC9770012C067 /* HSDGWebServerConnection.h */,
				394F545C22BBC9770012C067 /* HSDGWebServerConnection.m */,
				394F545122BBC9770012C067 /* HSDGWebServerFunctions.h */,
				394F545A22BBC9770012C067 /* HSDGWebServerFunctions.m */,
				394F545822BBC9770012C067 /* HSDGWebServerHTTPStatusCodes.h */,
				394F545222BBC9770012C067 /* HSDGWebServerPrivate.h */,
				394F545D22BBC9770012C067 /* HSDGWebServerRequest.h */,
				394F545622BBC9770012C067 /* HSDGWebServerRequest.m */,
				394F545922BBC9770012C067 /* HSDGWebServerResponse.h */,
				394F545322BBC9770012C067 /* HSDGWebServerResponse.m */,
				394F545722BBC9770012C067 /* HSDGWebSocket.h */,
				394F545E22BBC9770012C067 /* HSDGWebSocket.m */,
			);
			path = Core;
			sourceTree = "<group>";
		};
		394F545F22BBC9770012C067 /* Responses */ = {
			isa = PBXGroup;
			children = (
				394F546322BBC9770012C067 /* HSDGWebServerDataResponse.h */,
				394F546522BBC9770012C067 /* HSDGWebServerDataResponse.m */,
				394F546222BBC9770012C067 /* HSDGWebServerErrorResponse.m */,
				394F546622BBC9770012C067 /* HSDGWebServerErrorResponse.h */,
				394F546022BBC9770012C067 /* HSDGWebServerFileResponse.h */,
				394F546422BBC9770012C067 /* HSDGWebServerFileResponse.m */,
				394F546122BBC9770012C067 /* HSDGWebServerStreamedResponse.h */,
				394F546722BBC9770012C067 /* HSDGWebServerStreamedResponse.m */,
			);
			path = Responses;
			sourceTree = "<group>";
		};
		394F546822BBC9770012C067 /* Requests */ = {
			isa = PBXGroup;
			children = (
				394F546922BBC9770012C067 /* HSDGWebServerDataRequest.h */,
				394F546E22BBC9770012C067 /* HSDGWebServerDataRequest.m */,
				394F546A22BBC9770012C067 /* HSDGWebServerMultiPartFormRequest.h */,
				394F546D22BBC9770012C067 /* HSDGWebServerMultiPartFormRequest.m */,
				394F546B22BBC9770012C067 /* HSDGWebServerFileRequest.h */,
				394F546F22BBC9770012C067 /* HSDGWebServerFileRequest.m */,
				394F546C22BBC9770012C067 /* HSDGWebServerURLEncodedFormRequest.m */,
				394F547022BBC9770012C067 /* HSDGWebServerURLEncodedFormRequest.h */,
			);
			path = Requests;
			sourceTree = "<group>";
		};
		8F1218B1207B8AED000C2E48 /* Classes */ = {
			isa = PBXGroup;
			children = (
				8F32316120BAEF5800E3254B /* Core */,
				8F32318720BAEFA600E3254B /* Middleware */,
				8FBFFA3A218FEE5500551DAD /* Handler */,
				8F1218C9207B8AED000C2E48 /* HttpServerDebug.h */,
				8FF8DBBE2110781F00060B44 /* Others */,
			);
			path = Classes;
			sourceTree = "<group>";
		};
		8F1218F0207C5BB6000C2E48 /* Resources */ = {
			isa = PBXGroup;
			children = (
				8F1218F1207C5BB6000C2E48 /* HttpServerDebug.bundle */,
			);
			path = Resources;
			sourceTree = "<group>";
		};
		8F13E2A91F3C7B4500FF8881 = {
			isa = PBXGroup;
			children = (
				8FA70C841FA6E82500908C34 /* README.md */,
				8F1218B1207B8AED000C2E48 /* Classes */,
				8F1218F0207C5BB6000C2E48 /* Resources */,
				8FAC09A61F3C84E400D329B1 /* ThirdParties */,
				8F13E2B31F3C7B4500FF8881 /* Products */,
				8F16DD471F3CA62800A2BFBF /* Frameworks */,
			);
			sourceTree = "<group>";
		};
		8F13E2B31F3C7B4500FF8881 /* Products */ = {
			isa = PBXGroup;
			children = (
				8F13E2B21F3C7B4500FF8881 /* libHttpServerDebug.a */,
				8F704BA91F3D529E002E1FAF /* libFMDB.a */,
			);
			name = Products;
			sourceTree = "<group>";
		};
		8F16DD471F3CA62800A2BFBF /* Frameworks */ = {
			isa = PBXGroup;
			children = (
				8FF95FAB1F413E5100DDC97F /* libxml2.2.dylib */,
				8F16DD711F3CABD200A2BFBF /* libxml2.dylib */,
			);
			name = Frameworks;
			sourceTree = "<group>";
		};
		8F32316120BAEF5800E3254B /* Core */ = {
			isa = PBXGroup;
			children = (
				8F32316220BAEF5800E3254B /* Component */,
				8F32317120BAEF5800E3254B /* HSDDefine.h */,
				8F32317220BAEF5800E3254B /* HSDDefine.m */,
				8F32317320BAEF5800E3254B /* HSDDelegate.h */,
				8F32317420BAEF5800E3254B /* HSDHttpServerControlPannelController.h */,
				8F32317520BAEF5800E3254B /* HSDHttpServerControlPannelController.m */,
				8F32317620BAEF5800E3254B /* HSDManager+Project.h */,
				8F32317720BAEF5800E3254B /* HSDManager.h */,
				8F32317820BAEF5800E3254B /* HSDManager.m */,
			);
			path = Core;
			sourceTree = "<group>";
		};
		8F32316220BAEF5800E3254B /* Component */ = {
			isa = PBXGroup;
			children = (
				8F32316320BAEF5800E3254B /* HSDConsoleLogComponent.h */,
				8F32316420BAEF5800E3254B /* HSDConsoleLogComponent.m */,
				8F32316520BAEF5800E3254B /* HSDDBInspectComponent.h */,
				8F32316620BAEF5800E3254B /* HSDDBInspectComponent.m */,
				8F32316720BAEF5800E3254B /* HSDFileExplorerComponent.h */,
				8F32316820BAEF5800E3254B /* HSDFileExplorerComponent.m */,
				8F32316920BAEF5800E3254B /* HSDFilePreviewComponent.h */,
				8F32316A20BAEF5800E3254B /* HSDFilePreviewComponent.m */,
				8F32316B20BAEF5800E3254B /* HSDHostNameResolveComponent.h */,
				8F32316C20BAEF5800E3254B /* HSDHostNameResolveComponent.m */,
				8F32316D20BAEF5800E3254B /* HSDSendInfoComponent.h */,
				8F32316E20BAEF5800E3254B /* HSDSendInfoComponent.m */,
				8F32316F20BAEF5800E3254B /* HSDViewDebugComponent.h */,
				8F32317020BAEF5800E3254B /* HSDViewDebugComponent.m */,
			);
			path = Component;
			sourceTree = "<group>";
		};
		8F32318720BAEFA600E3254B /* Middleware */ = {
			isa = PBXGroup;
			children = (
				8FBFFA412190387500551DAD /* HSDComponentMiddleware.h */,
				8FBFFA422190387500551DAD /* HSDComponentMiddleware.m */,
				8FBFFA4421903C6500551DAD /* HSDResponseInfo.h */,
				8FBFFA4521903C6500551DAD /* HSDResponseInfo.m */,
			);
			path = Middleware;
			sourceTree = "<group>";
		};
		8F704B8E1F3D5275002E1FAF /* FMDB */ = {
			isa = PBXGroup;
			children = (
				8F704B8F1F3D5275002E1FAF /* extra */,
				8F704B991F3D5275002E1FAF /* fmdb */,
			);
			path = FMDB;
			sourceTree = "<group>";
		};
		8F704B8F1F3D5275002E1FAF /* extra */ = {
			isa = PBXGroup;
			children = (
				8F704B901F3D5275002E1FAF /* fts3 */,
				8F704B961F3D5275002E1FAF /* InMemoryOnDiskIO */,
			);
			path = extra;
			sourceTree = "<group>";
		};
		8F704B901F3D5275002E1FAF /* fts3 */ = {
			isa = PBXGroup;
			children = (
				8F704B911F3D5275002E1FAF /* FMDatabase+FTS3.h */,
				8F704B921F3D5275002E1FAF /* FMDatabase+FTS3.m */,
				8F704B931F3D5275002E1FAF /* FMTokenizers.h */,
				8F704B941F3D5275002E1FAF /* FMTokenizers.m */,
				8F704B951F3D5275002E1FAF /* fts3_tokenizer.h */,
			);
			path = fts3;
			sourceTree = "<group>";
		};
		8F704B961F3D5275002E1FAF /* InMemoryOnDiskIO */ = {
			isa = PBXGroup;
			children = (
				8F704B971F3D5275002E1FAF /* FMDatabase+InMemoryOnDiskIO.h */,
				8F704B981F3D5275002E1FAF /* FMDatabase+InMemoryOnDiskIO.m */,
			);
			path = InMemoryOnDiskIO;
			sourceTree = "<group>";
		};
		8F704B991F3D5275002E1FAF /* fmdb */ = {
			isa = PBXGroup;
			children = (
				8F704B9A1F3D5275002E1FAF /* FMDatabase.h */,
				8F704B9B1F3D5275002E1FAF /* FMDatabase.m */,
				8F704B9C1F3D5275002E1FAF /* FMDatabaseAdditions.h */,
				8F704B9D1F3D5275002E1FAF /* FMDatabaseAdditions.m */,
				8F704B9E1F3D5275002E1FAF /* FMDatabasePool.h */,
				8F704B9F1F3D5275002E1FAF /* FMDatabasePool.m */,
				8F704BA01F3D5275002E1FAF /* FMDatabaseQueue.h */,
				8F704BA11F3D5275002E1FAF /* FMDatabaseQueue.m */,
				8F704BA21F3D5275002E1FAF /* FMDB.h */,
				8F704BA31F3D5275002E1FAF /* FMResultSet.h */,
				8F704BA41F3D5275002E1FAF /* FMResultSet.m */,
			);
			path = fmdb;
			sourceTree = "<group>";
		};
		8FAC09A61F3C84E400D329B1 /* ThirdParties */ = {
			isa = PBXGroup;
			children = (
				8F704B8E1F3D5275002E1FAF /* FMDB */,
			);
			path = ThirdParties;
			sourceTree = "<group>";
		};
		8FBFFA3A218FEE5500551DAD /* Handler */ = {
			isa = PBXGroup;
			children = (
				8FBFFA3E21901D6A00551DAD /* HSDRequestHandler.h */,
				8FBFFA3F21901D6A00551DAD /* HSDRequestHandler.m */,
				394EE23422A1490B006C2BB6 /* HSDWebSocketHandler.h */,
				394EE23522A1490B006C2BB6 /* HSDWebSocketHandler.m */,
			);
			path = Handler;
			sourceTree = "<group>";
		};
		8FF8DBBE2110781F00060B44 /* Others */ = {
			isa = PBXGroup;
			children = (
				3913FE5322BC929500F16D0A /* README.md */,
				394F544F22BBC9770012C067 /* WebServer */,
				8FF8DBBF2110781F00060B44 /* ZipArchive */,
			);
			path = Others;
			sourceTree = "<group>";
		};
		8FF8DBBF2110781F00060B44 /* ZipArchive */ = {
			isa = PBXGroup;
			children = (
				8FF8DBC02110781F00060B44 /* minizip */,
				8FF8DBE62110781F00060B44 /* HSDZipArchive.h */,
				8FF8DBE42110781F00060B44 /* HSDZipArchive.m */,
			);
			path = ZipArchive;
			sourceTree = "<group>";
		};
		8FF8DBC02110781F00060B44 /* minizip */ = {
			isa = PBXGroup;
			children = (
				8FF8DBC92110781F00060B44 /* HSDzip.h */,
				8FF8DBC32110781F00060B44 /* HSDzip.c */,
				8FF8DBCD2110781F00060B44 /* HSDioapi.h */,
				8FF8DBC52110781F00060B44 /* HSDioapi.c */,
			);
			path = minizip;
			sourceTree = "<group>";
		};
/* End PBXGroup section */

/* Begin PBXNativeTarget section */
		8F13E2B11F3C7B4500FF8881 /* HttpServerDebug */ = {
			isa = PBXNativeTarget;
			buildConfigurationList = 8F13E2BB1F3C7B4500FF8881 /* Build configuration list for PBXNativeTarget "HttpServerDebug" */;
			buildPhases = (
				8F13E2AE1F3C7B4500FF8881 /* Sources */,
				8F13E2AF1F3C7B4500FF8881 /* Frameworks */,
				8F13E2B01F3C7B4500FF8881 /* CopyFiles */,
				8FEFE6EB1F3D5DE300D841E0 /* Resources */,
			);
			buildRules = (
			);
			dependencies = (
			);
			name = HttpServerDebug;
			productName = HttpServerDebug;
			productReference = 8F13E2B21F3C7B4500FF8881 /* libHttpServerDebug.a */;
			productType = "com.apple.product-type.library.static";
		};
		8F704BA81F3D529E002E1FAF /* FMDB */ = {
			isa = PBXNativeTarget;
			buildConfigurationList = 8F704BAF1F3D529E002E1FAF /* Build configuration list for PBXNativeTarget "FMDB" */;
			buildPhases = (
				8F704BA51F3D529E002E1FAF /* Sources */,
				8F704BA61F3D529E002E1FAF /* Frameworks */,
				8F704BA71F3D529E002E1FAF /* CopyFiles */,
			);
			buildRules = (
			);
			dependencies = (
			);
			name = FMDB;
			productName = FMDB;
			productReference = 8F704BA91F3D529E002E1FAF /* libFMDB.a */;
			productType = "com.apple.product-type.library.static";
		};
/* End PBXNativeTarget section */

/* Begin PBXProject section */
		8F13E2AA1F3C7B4500FF8881 /* Project object */ = {
			isa = PBXProject;
			attributes = {
				CLASSPREFIX = HSD;
				LastUpgradeCheck = 0900;
				ORGANIZATIONNAME = chenjun;
				TargetAttributes = {
					8F13E2B11F3C7B4500FF8881 = {
						CreatedOnToolsVersion = 9.0;
					};
					8F704BA81F3D529E002E1FAF = {
						CreatedOnToolsVersion = 9.0;
					};
				};
			};
			buildConfigurationList = 8F13E2AD1F3C7B4500FF8881 /* Build configuration list for PBXProject "HttpServerDebug" */;
			compatibilityVersion = "Xcode 8.0";
			developmentRegion = en;
			hasScannedForEncodings = 0;
			knownRegions = (
				en,
			);
			mainGroup = 8F13E2A91F3C7B4500FF8881;
			productRefGroup = 8F13E2B31F3C7B4500FF8881 /* Products */;
			projectDirPath = "";
			projectRoot = "";
			targets = (
				8F13E2B11F3C7B4500FF8881 /* HttpServerDebug */,
				8F704BA81F3D529E002E1FAF /* FMDB */,
			);
		};
/* End PBXProject section */

/* Begin PBXResourcesBuildPhase section */
		8FEFE6EB1F3D5DE300D841E0 /* Resources */ = {
			isa = PBXResourcesBuildPhase;
			buildActionMask = 2147483647;
			files = (
				8F1218F2207C5BB6000C2E48 /* HttpServerDebug.bundle in Resources */,
			);
			runOnlyForDeploymentPostprocessing = 0;
		};
/* End PBXResourcesBuildPhase section */

/* Begin PBXSourcesBuildPhase section */
		8F13E2AE1F3C7B4500FF8881 /* Sources */ = {
			isa = PBXSourcesBuildPhase;
			buildActionMask = 2147483647;
			files = (
				8F32317D20BAEF5800E3254B /* HSDDBInspectComponent.m in Sources */,
				394F547922BBC9770012C067 /* HSDGWebServerDataResponse.m in Sources */,
				394F547D22BBC9770012C067 /* HSDGWebServerDataRequest.m in Sources */,
				394F547E22BBC9770012C067 /* HSDGWebServerFileRequest.m in Sources */,
				8F32318520BAEF5800E3254B /* HSDManager.m in Sources */,
				394F547222BBC9770012C067 /* HSDGWebServerRequest.m in Sources */,
				8F32318120BAEF5800E3254B /* HSDSendInfoComponent.m in Sources */,
				8F32318320BAEF5800E3254B /* HSDDefine.m in Sources */,
				394F547A22BBC9770012C067 /* HSDGWebServerStreamedResponse.m in Sources */,
				394F547B22BBC9770012C067 /* HSDGWebServerURLEncodedFormRequest.m in Sources */,
				8FF8DBF72110782000060B44 /* HSDZipArchive.m in Sources */,
				394F547C22BBC9770012C067 /* HSDGWebServerMultiPartFormRequest.m in Sources */,
				394F547322BBC9770012C067 /* HSDGWebServerFunctions.m in Sources */,
				394F547122BBC9770012C067 /* HSDGWebServerResponse.m in Sources */,
				8FBFFA432190387500551DAD /* HSDComponentMiddleware.m in Sources */,
				394F547822BBC9770012C067 /* HSDGWebServerFileResponse.m in Sources */,
				8F32318420BAEF5800E3254B /* HSDHttpServerControlPannelController.m in Sources */,
				394F547522BBC9770012C067 /* HSDGWebServerConnection.m in Sources */,
				8FF8DBE92110782000060B44 /* HSDzip.c in Sources */,
				8F32318020BAEF5800E3254B /* HSDHostNameResolveComponent.m in Sources */,
				8FBFFA4021901D6A00551DAD /* HSDRequestHandler.m in Sources */,
				8FBFFA4621903C6500551DAD /* HSDResponseInfo.m in Sources */,
				394F547622BBC9770012C067 /* HSDGWebSocket.m in Sources */,
				394F547422BBC9770012C067 /* HSDGWebServer.m in Sources */,
				8F32318220BAEF5800E3254B /* HSDViewDebugComponent.m in Sources */,
				394F547722BBC9770012C067 /* HSDGWebServerErrorResponse.m in Sources */,
				8F32317E20BAEF5800E3254B /* HSDFileExplorerComponent.m in Sources */,
				394EE23622A1490B006C2BB6 /* HSDWebSocketHandler.m in Sources */,
				8F32317F20BAEF5800E3254B /* HSDFilePreviewComponent.m in Sources */,
				8F32317C20BAEF5800E3254B /* HSDConsoleLogComponent.m in Sources */,
				8FF8DBEA2110782000060B44 /* HSDioapi.c in Sources */,
			);
			runOnlyForDeploymentPostprocessing = 0;
		};
		8F704BA51F3D529E002E1FAF /* Sources */ = {
			isa = PBXSourcesBuildPhase;
			buildActionMask = 2147483647;
			files = (
				8F704BB31F3D52DD002E1FAF /* FMTokenizers.m in Sources */,
				8F704BB71F3D52DD002E1FAF /* FMDatabasePool.m in Sources */,
				8F704BB21F3D52CC002E1FAF /* FMDatabase+FTS3.m in Sources */,
				8F704BB81F3D52DD002E1FAF /* FMDatabaseQueue.m in Sources */,
				8F704BB41F3D52DD002E1FAF /* FMDatabase+InMemoryOnDiskIO.m in Sources */,
				8F704BB51F3D52DD002E1FAF /* FMDatabase.m in Sources */,
				8F704BB91F3D52DD002E1FAF /* FMResultSet.m in Sources */,
				8F704BB61F3D52DD002E1FAF /* FMDatabaseAdditions.m in Sources */,
			);
			runOnlyForDeploymentPostprocessing = 0;
		};
/* End PBXSourcesBuildPhase section */

/* Begin XCBuildConfiguration section */
		8F13E2B91F3C7B4500FF8881 /* Debug */ = {
			isa = XCBuildConfiguration;
			buildSettings = {
				ALWAYS_SEARCH_USER_PATHS = NO;
				CLANG_ANALYZER_NONNULL = YES;
				CLANG_ANALYZER_NUMBER_OBJECT_CONVERSION = YES_AGGRESSIVE;
				CLANG_CXX_LANGUAGE_STANDARD = "gnu++14";
				CLANG_CXX_LIBRARY = "libc++";
				CLANG_ENABLE_MODULES = YES;
				CLANG_ENABLE_OBJC_ARC = YES;
				CLANG_WARN_BLOCK_CAPTURE_AUTORELEASING = YES;
				CLANG_WARN_BOOL_CONVERSION = YES;
				CLANG_WARN_COMMA = YES;
				CLANG_WARN_CONSTANT_CONVERSION = YES;
				CLANG_WARN_DIRECT_OBJC_ISA_USAGE = YES_ERROR;
				CLANG_WARN_DOCUMENTATION_COMMENTS = YES;
				CLANG_WARN_EMPTY_BODY = YES;
				CLANG_WARN_ENUM_CONVERSION = YES;
				CLANG_WARN_INFINITE_RECURSION = YES;
				CLANG_WARN_INT_CONVERSION = YES;
				CLANG_WARN_NON_LITERAL_NULL_CONVERSION = YES;
				CLANG_WARN_OBJC_LITERAL_CONVERSION = YES;
				CLANG_WARN_OBJC_ROOT_CLASS = YES_ERROR;
				CLANG_WARN_RANGE_LOOP_ANALYSIS = YES;
				CLANG_WARN_STRICT_PROTOTYPES = YES;
				CLANG_WARN_SUSPICIOUS_MOVE = YES;
				CLANG_WARN_UNGUARDED_AVAILABILITY = YES_AGGRESSIVE;
				CLANG_WARN_UNREACHABLE_CODE = YES;
				CLANG_WARN__DUPLICATE_METHOD_MATCH = YES;
				CODE_SIGN_IDENTITY = "iPhone Developer";
				COPY_PHASE_STRIP = NO;
				DEBUG_INFORMATION_FORMAT = dwarf;
				ENABLE_STRICT_OBJC_MSGSEND = YES;
				ENABLE_TESTABILITY = YES;
				GCC_C_LANGUAGE_STANDARD = gnu11;
				GCC_DYNAMIC_NO_PIC = NO;
				GCC_NO_COMMON_BLOCKS = YES;
				GCC_OPTIMIZATION_LEVEL = 0;
				GCC_PREPROCESSOR_DEFINITIONS = (
					"DEBUG=1",
					"$(inherited)",
				);
				GCC_WARN_64_TO_32_BIT_CONVERSION = YES;
				GCC_WARN_ABOUT_RETURN_TYPE = YES_ERROR;
				GCC_WARN_UNDECLARED_SELECTOR = YES;
				GCC_WARN_UNINITIALIZED_AUTOS = YES_AGGRESSIVE;
				GCC_WARN_UNUSED_FUNCTION = YES;
				GCC_WARN_UNUSED_VARIABLE = YES;
				IPHONEOS_DEPLOYMENT_TARGET = 8.0;
				MTL_ENABLE_DEBUG_INFO = YES;
				ONLY_ACTIVE_ARCH = YES;
				OTHER_CFLAGS = "-fembed-bitcode";
				SDKROOT = iphoneos;
			};
			name = Debug;
		};
		8F13E2BA1F3C7B4500FF8881 /* Release */ = {
			isa = XCBuildConfiguration;
			buildSettings = {
				ALWAYS_SEARCH_USER_PATHS = NO;
				CLANG_ANALYZER_NONNULL = YES;
				CLANG_ANALYZER_NUMBER_OBJECT_CONVERSION = YES_AGGRESSIVE;
				CLANG_CXX_LANGUAGE_STANDARD = "gnu++14";
				CLANG_CXX_LIBRARY = "libc++";
				CLANG_ENABLE_MODULES = YES;
				CLANG_ENABLE_OBJC_ARC = YES;
				CLANG_WARN_BLOCK_CAPTURE_AUTORELEASING = YES;
				CLANG_WARN_BOOL_CONVERSION = YES;
				CLANG_WARN_COMMA = YES;
				CLANG_WARN_CONSTANT_CONVERSION = YES;
				CLANG_WARN_DIRECT_OBJC_ISA_USAGE = YES_ERROR;
				CLANG_WARN_DOCUMENTATION_COMMENTS = YES;
				CLANG_WARN_EMPTY_BODY = YES;
				CLANG_WARN_ENUM_CONVERSION = YES;
				CLANG_WARN_INFINITE_RECURSION = YES;
				CLANG_WARN_INT_CONVERSION = YES;
				CLANG_WARN_NON_LITERAL_NULL_CONVERSION = YES;
				CLANG_WARN_OBJC_LITERAL_CONVERSION = YES;
				CLANG_WARN_OBJC_ROOT_CLASS = YES_ERROR;
				CLANG_WARN_RANGE_LOOP_ANALYSIS = YES;
				CLANG_WARN_STRICT_PROTOTYPES = YES;
				CLANG_WARN_SUSPICIOUS_MOVE = YES;
				CLANG_WARN_UNGUARDED_AVAILABILITY = YES_AGGRESSIVE;
				CLANG_WARN_UNREACHABLE_CODE = YES;
				CLANG_WARN__DUPLICATE_METHOD_MATCH = YES;
				CODE_SIGN_IDENTITY = "iPhone Developer";
				COPY_PHASE_STRIP = NO;
				DEBUG_INFORMATION_FORMAT = "dwarf-with-dsym";
				ENABLE_NS_ASSERTIONS = NO;
				ENABLE_STRICT_OBJC_MSGSEND = YES;
				GCC_C_LANGUAGE_STANDARD = gnu11;
				GCC_NO_COMMON_BLOCKS = YES;
				GCC_WARN_64_TO_32_BIT_CONVERSION = YES;
				GCC_WARN_ABOUT_RETURN_TYPE = YES_ERROR;
				GCC_WARN_UNDECLARED_SELECTOR = YES;
				GCC_WARN_UNINITIALIZED_AUTOS = YES_AGGRESSIVE;
				GCC_WARN_UNUSED_FUNCTION = YES;
				GCC_WARN_UNUSED_VARIABLE = YES;
				IPHONEOS_DEPLOYMENT_TARGET = 8.0;
				MTL_ENABLE_DEBUG_INFO = NO;
				OTHER_CFLAGS = "-fembed-bitcode";
				SDKROOT = iphoneos;
				VALIDATE_PRODUCT = YES;
			};
			name = Release;
		};
		8F13E2BC1F3C7B4500FF8881 /* Debug */ = {
			isa = XCBuildConfiguration;
			buildSettings = {
				GCC_GENERATE_DEBUGGING_SYMBOLS = YES;
				HEADER_SEARCH_PATHS = "";
				OTHER_LDFLAGS = (
					"$(inherited)",
					"-ObjC",
				);
				PRODUCT_NAME = "$(TARGET_NAME)";
				SKIP_INSTALL = YES;
				TARGETED_DEVICE_FAMILY = "1,2";
			};
			name = Debug;
		};
		8F13E2BD1F3C7B4500FF8881 /* Release */ = {
			isa = XCBuildConfiguration;
			buildSettings = {
				GCC_GENERATE_DEBUGGING_SYMBOLS = NO;
				HEADER_SEARCH_PATHS = "";
				OTHER_LDFLAGS = (
					"$(inherited)",
					"-ObjC",
				);
				PRODUCT_NAME = "$(TARGET_NAME)";
				SKIP_INSTALL = YES;
				TARGETED_DEVICE_FAMILY = "1,2";
			};
			name = Release;
		};
		8F704BB01F3D529E002E1FAF /* Debug */ = {
			isa = XCBuildConfiguration;
			buildSettings = {
				OTHER_LDFLAGS = "-ObjC";
				PRODUCT_NAME = "$(TARGET_NAME)";
				SKIP_INSTALL = YES;
				TARGETED_DEVICE_FAMILY = "1,2";
			};
			name = Debug;
		};
		8F704BB11F3D529E002E1FAF /* Release */ = {
			isa = XCBuildConfiguration;
			buildSettings = {
				OTHER_LDFLAGS = "-ObjC";
				PRODUCT_NAME = "$(TARGET_NAME)";
				SKIP_INSTALL = YES;
				TARGETED_DEVICE_FAMILY = "1,2";
			};
			name = Release;
		};
/* End XCBuildConfiguration section */

/* Begin XCConfigurationList section */
		8F13E2AD1F3C7B4500FF8881 /* Build configuration list for PBXProject "HttpServerDebug" */ = {
			isa = XCConfigurationList;
			buildConfigurations = (
				8F13E2B91F3C7B4500FF8881 /* Debug */,
				8F13E2BA1F3C7B4500FF8881 /* Release */,
			);
			defaultConfigurationIsVisible = 0;
			defaultConfigurationName = Release;
		};
		8F13E2BB1F3C7B4500FF8881 /* Build configuration list for PBXNativeTarget "HttpServerDebug" */ = {
			isa = XCConfigurationList;
			buildConfigurations = (
				8F13E2BC1F3C7B4500FF8881 /* Debug */,
				8F13E2BD1F3C7B4500FF8881 /* Release */,
			);
			defaultConfigurationIsVisible = 0;
			defaultConfigurationName = Release;
		};
		8F704BAF1F3D529E002E1FAF /* Build configuration list for PBXNativeTarget "FMDB" */ = {
			isa = XCConfigurationList;
			buildConfigurations = (
				8F704BB01F3D529E002E1FAF /* Debug */,
				8F704BB11F3D529E002E1FAF /* Release */,
			);
			defaultConfigurationIsVisible = 0;
			defaultConfigurationName = Release;
		};
/* End XCConfigurationList section */
	};
	rootObject = 8F13E2AA1F3C7B4500FF8881 /* Project object */;
}
