// !$*UTF8*$!
{
	archiveVersion = 1;
	classes = {
	};
	objectVersion = 46;
	objects = {

/* Begin PBXBuildFile section */
		8F1858591F03EADE00817368 /* Assets.xcassets in Resources */ = {isa = PBXBuildFile; fileRef = 8F1858501F03EADE00817368 /* Assets.xcassets */; };
		8F18585A1F03EADF00817368 /* LaunchScreen.storyboard in Resources */ = {isa = PBXBuildFile; fileRef = 8F1858511F03EADE00817368 /* LaunchScreen.storyboard */; };
		8F32313A20BA9E8900E3254B /* CJCategoryDataModel.m in Sources */ = {isa = PBXBuildFile; fileRef = 8F32313720BA9E8800E3254B /* CJCategoryDataModel.m */; };
		8F32313B20BA9E8900E3254B /* CJProductItemDataModel.m in Sources */ = {isa = PBXBuildFile; fileRef = 8F32313820BA9E8800E3254B /* CJProductItemDataModel.m */; };
		8F32314220BA9EAC00E3254B /* CJDBProductItemManager.m in Sources */ = {isa = PBXBuildFile; fileRef = 8F32313C20BA9EAC00E3254B /* CJDBProductItemManager.m */; };
		8F32314320BA9EAC00E3254B /* CJDBCategoryManager.m in Sources */ = {isa = PBXBuildFile; fileRef = 8F32313E20BA9EAC00E3254B /* CJDBCategoryManager.m */; };
		8F32314420BA9EAC00E3254B /* CJDBManager.m in Sources */ = {isa = PBXBuildFile; fileRef = 8F32313F20BA9EAC00E3254B /* CJDBManager.m */; };
		8F32314920BA9ED100E3254B /* CJExhibitController.m in Sources */ = {isa = PBXBuildFile; fileRef = 8F32314620BA9ED100E3254B /* CJExhibitController.m */; };
		8F32314A20BA9ED100E3254B /* CJCategoryController.m in Sources */ = {isa = PBXBuildFile; fileRef = 8F32314720BA9ED100E3254B /* CJCategoryController.m */; };
		8F32315220BA9EF600E3254B /* CJCategoryEditController.m in Sources */ = {isa = PBXBuildFile; fileRef = 8F32314D20BA9EF600E3254B /* CJCategoryEditController.m */; };
		8F32315320BA9EF600E3254B /* CJCategoryManageCell.m in Sources */ = {isa = PBXBuildFile; fileRef = 8F32314F20BA9EF600E3254B /* CJCategoryManageCell.m */; };
		8F32315420BA9EF600E3254B /* CJCategoryManageController.m in Sources */ = {isa = PBXBuildFile; fileRef = 8F32315120BA9EF600E3254B /* CJCategoryManageController.m */; };
		8F32315720BA9F1200E3254B /* CJProductItemEditController.m in Sources */ = {isa = PBXBuildFile; fileRef = 8F32315520BA9F1200E3254B /* CJProductItemEditController.m */; };
		8F32315A20BAA9FE00E3254B /* HSDSampleViewDebugViewController.m in Sources */ = {isa = PBXBuildFile; fileRef = 8F32315920BAA9FE00E3254B /* HSDSampleViewDebugViewController.m */; };
		8F5819492091C5EF003ED611 /* HttpServerDebug.bundle in Resources */ = {isa = PBXBuildFile; fileRef = 8F5819482091C5EF003ED611 /* HttpServerDebug.bundle */; };
		8F58196C2091CB4D003ED611 /* CJHomeController.m in Sources */ = {isa = PBXBuildFile; fileRef = 8F58196B2091CB4D003ED611 /* CJHomeController.m */; };
		8F87BBDA208DF8D800FA7E5C /* main.m in Sources */ = {isa = PBXBuildFile; fileRef = 8F87BBD9208DF8D800FA7E5C /* main.m */; };
		8F87BBDD208DF90800FA7E5C /* CJAppDelegate.m in Sources */ = {isa = PBXBuildFile; fileRef = 8F87BBDC208DF90800FA7E5C /* CJAppDelegate.m */; };
		8F87BBE0208DFB7100FA7E5C /* CJRootController.m in Sources */ = {isa = PBXBuildFile; fileRef = 8F87BBDF208DFB7100FA7E5C /* CJRootController.m */; };
		8FB6F8071F05F15200786297 /* Info.plist in Resources */ = {isa = PBXBuildFile; fileRef = 8FB6F8061F05F15200786297 /* Info.plist */; };
		8FEFE7091F3D6FE100D841E0 /* libxml2.tbd in Frameworks */ = {isa = PBXBuildFile; fileRef = 8FEFE7081F3D6FE100D841E0 /* libxml2.tbd */; };
		8FF6524E1FBBDAA200E4F924 /* libCocoaAsyncSocket.a in Frameworks */ = {isa = PBXBuildFile; fileRef = 8FF652541FBBDAA200E4F924 /* libCocoaAsyncSocket.a */; };
		8FF6524F1FBBDAA200E4F924 /* libCocoaHttpServer.a in Frameworks */ = {isa = PBXBuildFile; fileRef = 8FF652551FBBDAA200E4F924 /* libCocoaHttpServer.a */; };
		8FF652501FBBDAA200E4F924 /* libCocoaLumberjack.a in Frameworks */ = {isa = PBXBuildFile; fileRef = 8FF652561FBBDAA200E4F924 /* libCocoaLumberjack.a */; };
		8FF652511FBBDAA200E4F924 /* libFMDB.a in Frameworks */ = {isa = PBXBuildFile; fileRef = 8FF652571FBBDAA200E4F924 /* libFMDB.a */; };
		8FF652521FBBDAA200E4F924 /* libHttpServerDebug.a in Frameworks */ = {isa = PBXBuildFile; fileRef = 8FF652581FBBDAA200E4F924 /* libHttpServerDebug.a */; };
		8FF652531FBBDAA200E4F924 /* libZipArchive.a in Frameworks */ = {isa = PBXBuildFile; fileRef = 8FF652591FBBDAA200E4F924 /* libZipArchive.a */; };
/* End PBXBuildFile section */

/* Begin PBXFileReference section */
		8F16DD331F3CA4FF00A2BFBF /* libHttpServerDebug.a */ = {isa = PBXFileReference; lastKnownFileType = archive.ar; name = libHttpServerDebug.a; path = "../HttpServerDebug/build/Debug-iphoneos/libHttpServerDebug.a"; sourceTree = "<group>"; };
		8F1858501F03EADE00817368 /* Assets.xcassets */ = {isa = PBXFileReference; lastKnownFileType = folder.assetcatalog; path = Assets.xcassets; sourceTree = "<group>"; };
		8F1858521F03EADE00817368 /* Base */ = {isa = PBXFileReference; lastKnownFileType = file.storyboard; name = Base; path = Base.lproj/LaunchScreen.storyboard; sourceTree = "<group>"; };
		8F32313620BA9E8800E3254B /* CJCategoryDataModel.h */ = {isa = PBXFileReference; fileEncoding = 4; lastKnownFileType = sourcecode.c.h; path = CJCategoryDataModel.h; sourceTree = "<group>"; };
		8F32313720BA9E8800E3254B /* CJCategoryDataModel.m */ = {isa = PBXFileReference; fileEncoding = 4; lastKnownFileType = sourcecode.c.objc; path = CJCategoryDataModel.m; sourceTree = "<group>"; };
		8F32313820BA9E8800E3254B /* CJProductItemDataModel.m */ = {isa = PBXFileReference; fileEncoding = 4; lastKnownFileType = sourcecode.c.objc; path = CJProductItemDataModel.m; sourceTree = "<group>"; };
		8F32313920BA9E8800E3254B /* CJProductItemDataModel.h */ = {isa = PBXFileReference; fileEncoding = 4; lastKnownFileType = sourcecode.c.h; path = CJProductItemDataModel.h; sourceTree = "<group>"; };
		8F32313C20BA9EAC00E3254B /* CJDBProductItemManager.m */ = {isa = PBXFileReference; fileEncoding = 4; lastKnownFileType = sourcecode.c.objc; path = CJDBProductItemManager.m; sourceTree = "<group>"; };
		8F32313D20BA9EAC00E3254B /* CJDBManager.h */ = {isa = PBXFileReference; fileEncoding = 4; lastKnownFileType = sourcecode.c.h; path = CJDBManager.h; sourceTree = "<group>"; };
		8F32313E20BA9EAC00E3254B /* CJDBCategoryManager.m */ = {isa = PBXFileReference; fileEncoding = 4; lastKnownFileType = sourcecode.c.objc; path = CJDBCategoryManager.m; sourceTree = "<group>"; };
		8F32313F20BA9EAC00E3254B /* CJDBManager.m */ = {isa = PBXFileReference; fileEncoding = 4; lastKnownFileType = sourcecode.c.objc; path = CJDBManager.m; sourceTree = "<group>"; };
		8F32314020BA9EAC00E3254B /* CJDBProductItemManager.h */ = {isa = PBXFileReference; fileEncoding = 4; lastKnownFileType = sourcecode.c.h; path = CJDBProductItemManager.h; sourceTree = "<group>"; };
		8F32314120BA9EAC00E3254B /* CJDBCategoryManager.h */ = {isa = PBXFileReference; fileEncoding = 4; lastKnownFileType = sourcecode.c.h; path = CJDBCategoryManager.h; sourceTree = "<group>"; };
		8F32314520BA9ED100E3254B /* CJCategoryController.h */ = {isa = PBXFileReference; fileEncoding = 4; lastKnownFileType = sourcecode.c.h; path = CJCategoryController.h; sourceTree = "<group>"; };
		8F32314620BA9ED100E3254B /* CJExhibitController.m */ = {isa = PBXFileReference; fileEncoding = 4; lastKnownFileType = sourcecode.c.objc; path = CJExhibitController.m; sourceTree = "<group>"; };
		8F32314720BA9ED100E3254B /* CJCategoryController.m */ = {isa = PBXFileReference; fileEncoding = 4; lastKnownFileType = sourcecode.c.objc; path = CJCategoryController.m; sourceTree = "<group>"; };
		8F32314820BA9ED100E3254B /* CJExhibitController.h */ = {isa = PBXFileReference; fileEncoding = 4; lastKnownFileType = sourcecode.c.h; path = CJExhibitController.h; sourceTree = "<group>"; };
		8F32314C20BA9EF600E3254B /* CJCategoryEditController.h */ = {isa = PBXFileReference; fileEncoding = 4; lastKnownFileType = sourcecode.c.h; path = CJCategoryEditController.h; sourceTree = "<group>"; };
		8F32314D20BA9EF600E3254B /* CJCategoryEditController.m */ = {isa = PBXFileReference; fileEncoding = 4; lastKnownFileType = sourcecode.c.objc; path = CJCategoryEditController.m; sourceTree = "<group>"; };
		8F32314E20BA9EF600E3254B /* CJCategoryManageCell.h */ = {isa = PBXFileReference; fileEncoding = 4; lastKnownFileType = sourcecode.c.h; path = CJCategoryManageCell.h; sourceTree = "<group>"; };
		8F32314F20BA9EF600E3254B /* CJCategoryManageCell.m */ = {isa = PBXFileReference; fileEncoding = 4; lastKnownFileType = sourcecode.c.objc; path = CJCategoryManageCell.m; sourceTree = "<group>"; };
		8F32315020BA9EF600E3254B /* CJCategoryManageController.h */ = {isa = PBXFileReference; fileEncoding = 4; lastKnownFileType = sourcecode.c.h; path = CJCategoryManageController.h; sourceTree = "<group>"; };
		8F32315120BA9EF600E3254B /* CJCategoryManageController.m */ = {isa = PBXFileReference; fileEncoding = 4; lastKnownFileType = sourcecode.c.objc; path = CJCategoryManageController.m; sourceTree = "<group>"; };
		8F32315520BA9F1200E3254B /* CJProductItemEditController.m */ = {isa = PBXFileReference; fileEncoding = 4; lastKnownFileType = sourcecode.c.objc; path = CJProductItemEditController.m; sourceTree = "<group>"; };
		8F32315620BA9F1200E3254B /* CJProductItemEditController.h */ = {isa = PBXFileReference; fileEncoding = 4; lastKnownFileType = sourcecode.c.h; path = CJProductItemEditController.h; sourceTree = "<group>"; };
		8F32315820BAA9FE00E3254B /* HSDSampleViewDebugViewController.h */ = {isa = PBXFileReference; lastKnownFileType = sourcecode.c.h; path = HSDSampleViewDebugViewController.h; sourceTree = "<group>"; };
		8F32315920BAA9FE00E3254B /* HSDSampleViewDebugViewController.m */ = {isa = PBXFileReference; lastKnownFileType = sourcecode.c.objc; path = HSDSampleViewDebugViewController.m; sourceTree = "<group>"; };
		8F5819482091C5EF003ED611 /* HttpServerDebug.bundle */ = {isa = PBXFileReference; lastKnownFileType = "wrapper.plug-in"; name = HttpServerDebug.bundle; path = ../../Resources/HttpServerDebug.bundle; sourceTree = "<group>"; };
		8F58196A2091CB4D003ED611 /* CJHomeController.h */ = {isa = PBXFileReference; lastKnownFileType = sourcecode.c.h; path = CJHomeController.h; sourceTree = "<group>"; };
		8F58196B2091CB4D003ED611 /* CJHomeController.m */ = {isa = PBXFileReference; lastKnownFileType = sourcecode.c.objc; path = CJHomeController.m; sourceTree = "<group>"; };
		8F87BBD9208DF8D800FA7E5C /* main.m */ = {isa = PBXFileReference; lastKnownFileType = sourcecode.c.objc; path = main.m; sourceTree = "<group>"; };
		8F87BBDB208DF90800FA7E5C /* CJAppDelegate.h */ = {isa = PBXFileReference; lastKnownFileType = sourcecode.c.h; path = CJAppDelegate.h; sourceTree = "<group>"; };
		8F87BBDC208DF90800FA7E5C /* CJAppDelegate.m */ = {isa = PBXFileReference; lastKnownFileType = sourcecode.c.objc; path = CJAppDelegate.m; sourceTree = "<group>"; };
		8F87BBDE208DFB7100FA7E5C /* CJRootController.h */ = {isa = PBXFileReference; lastKnownFileType = sourcecode.c.h; path = CJRootController.h; sourceTree = "<group>"; };
		8F87BBDF208DFB7100FA7E5C /* CJRootController.m */ = {isa = PBXFileReference; lastKnownFileType = sourcecode.c.objc; path = CJRootController.m; sourceTree = "<group>"; };
		8FB6F8061F05F15200786297 /* Info.plist */ = {isa = PBXFileReference; fileEncoding = 4; lastKnownFileType = text.plist.xml; path = Info.plist; sourceTree = "<group>"; };
		8FD708E11EFA61D900E0547C /* Closet.app */ = {isa = PBXFileReference; explicitFileType = wrapper.application; includeInIndex = 0; path = Closet.app; sourceTree = BUILT_PRODUCTS_DIR; };
		8FEFE7081F3D6FE100D841E0 /* libxml2.tbd */ = {isa = PBXFileReference; lastKnownFileType = "sourcecode.text-based-dylib-definition"; name = libxml2.tbd; path = usr/lib/libxml2.tbd; sourceTree = SDKROOT; };
		8FF055971FBA8CBD00964DF1 /* libZipArchive.a */ = {isa = PBXFileReference; explicitFileType = archive.ar; path = libZipArchive.a; sourceTree = BUILT_PRODUCTS_DIR; };
		8FF652541FBBDAA200E4F924 /* libCocoaAsyncSocket.a */ = {isa = PBXFileReference; explicitFileType = archive.ar; path = libCocoaAsyncSocket.a; sourceTree = BUILT_PRODUCTS_DIR; };
		8FF652551FBBDAA200E4F924 /* libCocoaHttpServer.a */ = {isa = PBXFileReference; explicitFileType = archive.ar; path = libCocoaHttpServer.a; sourceTree = BUILT_PRODUCTS_DIR; };
		8FF652561FBBDAA200E4F924 /* libCocoaLumberjack.a */ = {isa = PBXFileReference; explicitFileType = archive.ar; path = libCocoaLumberjack.a; sourceTree = BUILT_PRODUCTS_DIR; };
		8FF652571FBBDAA200E4F924 /* libFMDB.a */ = {isa = PBXFileReference; explicitFileType = archive.ar; path = libFMDB.a; sourceTree = BUILT_PRODUCTS_DIR; };
		8FF652581FBBDAA200E4F924 /* libHttpServerDebug.a */ = {isa = PBXFileReference; explicitFileType = archive.ar; path = libHttpServerDebug.a; sourceTree = BUILT_PRODUCTS_DIR; };
		8FF652591FBBDAA200E4F924 /* libZipArchive.a */ = {isa = PBXFileReference; explicitFileType = archive.ar; path = libZipArchive.a; sourceTree = BUILT_PRODUCTS_DIR; };
		8FF95F281F4096A600DDC97F /* libFMDB.a */ = {isa = PBXFileReference; lastKnownFileType = archive.ar; name = libFMDB.a; path = "../../../Library/Developer/Xcode/DerivedData/Closet-cqlnlhkclkznrocfxsuxkhtnzpov/Build/Products/Debug-iphonesimulator/libFMDB.a"; sourceTree = "<group>"; };
		8FF95F411F409D7200DDC97F /* libCocoaLumberjack.a */ = {isa = PBXFileReference; lastKnownFileType = archive.ar; name = libCocoaLumberjack.a; path = "../HttpServerDebug/build/Debug-iphoneos/libCocoaLumberjack.a"; sourceTree = "<group>"; };
		8FF95F861F413CA900DDC97F /* libCocoaAsyncSocket.a */ = {isa = PBXFileReference; lastKnownFileType = archive.ar; name = libCocoaAsyncSocket.a; path = "../HttpServerDebug/build/Debug-iphoneos/libCocoaAsyncSocket.a"; sourceTree = "<group>"; };
		8FF95FA91F413DC300DDC97F /* libCocoaHttpServer.a */ = {isa = PBXFileReference; lastKnownFileType = archive.ar; name = libCocoaHttpServer.a; path = "../HttpServerDebug/build/Debug-iphoneos/libCocoaHttpServer.a"; sourceTree = "<group>"; };
/* End PBXFileReference section */

/* Begin PBXFrameworksBuildPhase section */
		8FD708DE1EFA61D900E0547C /* Frameworks */ = {
			isa = PBXFrameworksBuildPhase;
			buildActionMask = 2147483647;
			files = (
				8FF6524E1FBBDAA200E4F924 /* libCocoaAsyncSocket.a in Frameworks */,
				8FF6524F1FBBDAA200E4F924 /* libCocoaHttpServer.a in Frameworks */,
				8FF652501FBBDAA200E4F924 /* libCocoaLumberjack.a in Frameworks */,
				8FF652511FBBDAA200E4F924 /* libFMDB.a in Frameworks */,
				8FF652521FBBDAA200E4F924 /* libHttpServerDebug.a in Frameworks */,
				8FF652531FBBDAA200E4F924 /* libZipArchive.a in Frameworks */,
				8FEFE7091F3D6FE100D841E0 /* libxml2.tbd in Frameworks */,
			);
			runOnlyForDeploymentPostprocessing = 0;
		};
/* End PBXFrameworksBuildPhase section */

/* Begin PBXGroup section */
		720994CFFB4194E474DE88FF /* Frameworks */ = {
			isa = PBXGroup;
			children = (
				8FF652541FBBDAA200E4F924 /* libCocoaAsyncSocket.a */,
				8FF652551FBBDAA200E4F924 /* libCocoaHttpServer.a */,
				8FF652561FBBDAA200E4F924 /* libCocoaLumberjack.a */,
				8FF652571FBBDAA200E4F924 /* libFMDB.a */,
				8FF652581FBBDAA200E4F924 /* libHttpServerDebug.a */,
				8FF652591FBBDAA200E4F924 /* libZipArchive.a */,
				8FF055971FBA8CBD00964DF1 /* libZipArchive.a */,
				8FF95FA91F413DC300DDC97F /* libCocoaHttpServer.a */,
				8FF95F861F413CA900DDC97F /* libCocoaAsyncSocket.a */,
				8FF95F411F409D7200DDC97F /* libCocoaLumberjack.a */,
				8FF95F281F4096A600DDC97F /* libFMDB.a */,
				8FEFE7081F3D6FE100D841E0 /* libxml2.tbd */,
				8F16DD331F3CA4FF00A2BFBF /* libHttpServerDebug.a */,
			);
			name = Frameworks;
			sourceTree = "<group>";
		};
		8F13445A1F3B3130008E86CF /* Database */ = {
			isa = PBXGroup;
			children = (
				8F32314120BA9EAC00E3254B /* CJDBCategoryManager.h */,
				8F32313E20BA9EAC00E3254B /* CJDBCategoryManager.m */,
				8F32313D20BA9EAC00E3254B /* CJDBManager.h */,
				8F32313F20BA9EAC00E3254B /* CJDBManager.m */,
				8F32314020BA9EAC00E3254B /* CJDBProductItemManager.h */,
				8F32313C20BA9EAC00E3254B /* CJDBProductItemManager.m */,
			);
			path = Database;
			sourceTree = "<group>";
		};
		8F18584F1F03EADE00817368 /* Closet */ = {
			isa = PBXGroup;
			children = (
				8F1858501F03EADE00817368 /* Assets.xcassets */,
				8F1858511F03EADE00817368 /* LaunchScreen.storyboard */,
				8F32315820BAA9FE00E3254B /* HSDSampleViewDebugViewController.h */,
				8F32315920BAA9FE00E3254B /* HSDSampleViewDebugViewController.m */,
				8F4B8EC41F63937000A3938D /* DataModel */,
				8F13445A1F3B3130008E86CF /* Database */,
				8FB6F7FD1F05EFBC00786297 /* Home */,
				8F32314B20BA9EF600E3254B /* Category */,
				8FE622BD1F7A383B00739A2C /* ProductItem */,
				8FB6F8051F05F15200786297 /* Supporting Files */,
				8F87BBD9208DF8D800FA7E5C /* main.m */,
				8F87BBDB208DF90800FA7E5C /* CJAppDelegate.h */,
				8F87BBDC208DF90800FA7E5C /* CJAppDelegate.m */,
				8F87BBDE208DFB7100FA7E5C /* CJRootController.h */,
				8F87BBDF208DFB7100FA7E5C /* CJRootController.m */,
			);
			name = Closet;
			sourceTree = "<group>";
		};
		8F32314B20BA9EF600E3254B /* Category */ = {
			isa = PBXGroup;
			children = (
				8F32314C20BA9EF600E3254B /* CJCategoryEditController.h */,
				8F32314D20BA9EF600E3254B /* CJCategoryEditController.m */,
				8F32314E20BA9EF600E3254B /* CJCategoryManageCell.h */,
				8F32314F20BA9EF600E3254B /* CJCategoryManageCell.m */,
				8F32315020BA9EF600E3254B /* CJCategoryManageController.h */,
				8F32315120BA9EF600E3254B /* CJCategoryManageController.m */,
			);
			path = Category;
			sourceTree = "<group>";
		};
		8F4B8EC41F63937000A3938D /* DataModel */ = {
			isa = PBXGroup;
			children = (
				8F32313620BA9E8800E3254B /* CJCategoryDataModel.h */,
				8F32313720BA9E8800E3254B /* CJCategoryDataModel.m */,
				8F32313920BA9E8800E3254B /* CJProductItemDataModel.h */,
				8F32313820BA9E8800E3254B /* CJProductItemDataModel.m */,
			);
			path = DataModel;
			sourceTree = "<group>";
		};
		8FB6F7FD1F05EFBC00786297 /* Home */ = {
			isa = PBXGroup;
			children = (
				8F32314520BA9ED100E3254B /* CJCategoryController.h */,
				8F32314720BA9ED100E3254B /* CJCategoryController.m */,
				8F32314820BA9ED100E3254B /* CJExhibitController.h */,
				8F32314620BA9ED100E3254B /* CJExhibitController.m */,
				8F58196A2091CB4D003ED611 /* CJHomeController.h */,
				8F58196B2091CB4D003ED611 /* CJHomeController.m */,
			);
			path = Home;
			sourceTree = "<group>";
		};
		8FB6F8051F05F15200786297 /* Supporting Files */ = {
			isa = PBXGroup;
			children = (
				8FB6F8061F05F15200786297 /* Info.plist */,
			);
			path = "Supporting Files";
			sourceTree = "<group>";
		};
		8FD708D81EFA61D900E0547C = {
			isa = PBXGroup;
			children = (
				8F5819482091C5EF003ED611 /* HttpServerDebug.bundle */,
				8F18584F1F03EADE00817368 /* Closet */,
				8FD708E21EFA61D900E0547C /* Products */,
				720994CFFB4194E474DE88FF /* Frameworks */,
			);
			sourceTree = "<group>";
		};
		8FD708E21EFA61D900E0547C /* Products */ = {
			isa = PBXGroup;
			children = (
				8FD708E11EFA61D900E0547C /* Closet.app */,
			);
			name = Products;
			sourceTree = "<group>";
		};
		8FE622BD1F7A383B00739A2C /* ProductItem */ = {
			isa = PBXGroup;
			children = (
				8F32315620BA9F1200E3254B /* CJProductItemEditController.h */,
				8F32315520BA9F1200E3254B /* CJProductItemEditController.m */,
			);
			path = ProductItem;
			sourceTree = "<group>";
		};
/* End PBXGroup section */

/* Begin PBXNativeTarget section */
		8FD708E01EFA61D900E0547C /* Closet */ = {
			isa = PBXNativeTarget;
			buildConfigurationList = 8FD708F31EFA61D900E0547C /* Build configuration list for PBXNativeTarget "Closet" */;
			buildPhases = (
				8FD708DD1EFA61D900E0547C /* Sources */,
				8FD708DE1EFA61D900E0547C /* Frameworks */,
				8FD708DF1EFA61D900E0547C /* Resources */,
			);
			buildRules = (
			);
			dependencies = (
			);
			name = Closet;
			productName = Closet;
			productReference = 8FD708E11EFA61D900E0547C /* Closet.app */;
			productType = "com.apple.product-type.application";
		};
/* End PBXNativeTarget section */

/* Begin PBXProject section */
		8FD708D91EFA61D900E0547C /* Project object */ = {
			isa = PBXProject;
			attributes = {
				CLASSPREFIX = CJ;
				LastSwiftUpdateCheck = 0830;
				LastUpgradeCheck = 0830;
				ORGANIZATIONNAME = chenjun;
				TargetAttributes = {
					8FD708E01EFA61D900E0547C = {
						CreatedOnToolsVersion = 8.3.2;
						DevelopmentTeam = 6UGZ533E78;
						LastSwiftMigration = 0900;
						ProvisioningStyle = Automatic;
					};
				};
			};
			buildConfigurationList = 8FD708DC1EFA61D900E0547C /* Build configuration list for PBXProject "Closet" */;
			compatibilityVersion = "Xcode 3.2";
			developmentRegion = English;
			hasScannedForEncodings = 0;
			knownRegions = (
				en,
				Base,
			);
			mainGroup = 8FD708D81EFA61D900E0547C;
			productRefGroup = 8FD708E21EFA61D900E0547C /* Products */;
			projectDirPath = "";
			projectRoot = "";
			targets = (
				8FD708E01EFA61D900E0547C /* Closet */,
			);
		};
/* End PBXProject section */

/* Begin PBXResourcesBuildPhase section */
		8FD708DF1EFA61D900E0547C /* Resources */ = {
			isa = PBXResourcesBuildPhase;
			buildActionMask = 2147483647;
			files = (
				8F5819492091C5EF003ED611 /* HttpServerDebug.bundle in Resources */,
				8F18585A1F03EADF00817368 /* LaunchScreen.storyboard in Resources */,
				8FB6F8071F05F15200786297 /* Info.plist in Resources */,
				8F1858591F03EADE00817368 /* Assets.xcassets in Resources */,
			);
			runOnlyForDeploymentPostprocessing = 0;
		};
/* End PBXResourcesBuildPhase section */

/* Begin PBXSourcesBuildPhase section */
		8FD708DD1EFA61D900E0547C /* Sources */ = {
			isa = PBXSourcesBuildPhase;
			buildActionMask = 2147483647;
			files = (
				8F32314920BA9ED100E3254B /* CJExhibitController.m in Sources */,
				8F32315320BA9EF600E3254B /* CJCategoryManageCell.m in Sources */,
				8F87BBE0208DFB7100FA7E5C /* CJRootController.m in Sources */,
				8F32315420BA9EF600E3254B /* CJCategoryManageController.m in Sources */,
				8F87BBDD208DF90800FA7E5C /* CJAppDelegate.m in Sources */,
				8F58196C2091CB4D003ED611 /* CJHomeController.m in Sources */,
				8F32315220BA9EF600E3254B /* CJCategoryEditController.m in Sources */,
				8F32314A20BA9ED100E3254B /* CJCategoryController.m in Sources */,
				8F32313B20BA9E8900E3254B /* CJProductItemDataModel.m in Sources */,
				8F87BBDA208DF8D800FA7E5C /* main.m in Sources */,
				8F32315720BA9F1200E3254B /* CJProductItemEditController.m in Sources */,
				8F32315A20BAA9FE00E3254B /* HSDSampleViewDebugViewController.m in Sources */,
				8F32313A20BA9E8900E3254B /* CJCategoryDataModel.m in Sources */,
				8F32314220BA9EAC00E3254B /* CJDBProductItemManager.m in Sources */,
				8F32314420BA9EAC00E3254B /* CJDBManager.m in Sources */,
				8F32314320BA9EAC00E3254B /* CJDBCategoryManager.m in Sources */,
			);
			runOnlyForDeploymentPostprocessing = 0;
		};
/* End PBXSourcesBuildPhase section */

/* Begin PBXVariantGroup section */
		8F1858511F03EADE00817368 /* LaunchScreen.storyboard */ = {
			isa = PBXVariantGroup;
			children = (
				8F1858521F03EADE00817368 /* Base */,
			);
			name = LaunchScreen.storyboard;
			sourceTree = "<group>";
		};
/* End PBXVariantGroup section */

/* Begin XCBuildConfiguration section */
		8FD708F11EFA61D900E0547C /* Debug */ = {
			isa = XCBuildConfiguration;
			buildSettings = {
				ALWAYS_SEARCH_USER_PATHS = NO;
				CLANG_ANALYZER_NONNULL = YES;
				CLANG_ANALYZER_NUMBER_OBJECT_CONVERSION = YES_AGGRESSIVE;
				CLANG_CXX_LANGUAGE_STANDARD = "gnu++0x";
				CLANG_CXX_LIBRARY = "libc++";
				CLANG_ENABLE_MODULES = YES;
				CLANG_ENABLE_OBJC_ARC = YES;
				CLANG_WARN_BOOL_CONVERSION = YES;
				CLANG_WARN_CONSTANT_CONVERSION = YES;
				CLANG_WARN_DIRECT_OBJC_ISA_USAGE = YES_ERROR;
				CLANG_WARN_DOCUMENTATION_COMMENTS = YES;
				CLANG_WARN_EMPTY_BODY = YES;
				CLANG_WARN_ENUM_CONVERSION = YES;
				CLANG_WARN_INFINITE_RECURSION = YES;
				CLANG_WARN_INT_CONVERSION = YES;
				CLANG_WARN_OBJC_ROOT_CLASS = YES_ERROR;
				CLANG_WARN_SUSPICIOUS_MOVE = YES;
				CLANG_WARN_UNREACHABLE_CODE = YES;
				CLANG_WARN__DUPLICATE_METHOD_MATCH = YES;
				"CODE_SIGN_IDENTITY[sdk=iphoneos*]" = "iPhone Developer";
				COPY_PHASE_STRIP = NO;
				DEBUG_INFORMATION_FORMAT = dwarf;
				ENABLE_STRICT_OBJC_MSGSEND = YES;
				ENABLE_TESTABILITY = YES;
				GCC_C_LANGUAGE_STANDARD = gnu99;
				GCC_DYNAMIC_NO_PIC = NO;
				GCC_NO_COMMON_BLOCKS = YES;
				GCC_OPTIMIZATION_LEVEL = 0;
				GCC_PREPROCESSOR_DEFINITIONS = (
					"DEBUG=1",
					"$(inherited)",
				);
				GCC_WARN_64_TO_32_BIT_CONVERSION = YES;
				GCC_WARN_ABOUT_RETURN_TYPE = YES_ERROR;
				GCC_WARN_UNDECLARED_SELECTOR = YES;
				GCC_WARN_UNINITIALIZED_AUTOS = YES_AGGRESSIVE;
				GCC_WARN_UNUSED_FUNCTION = YES;
				GCC_WARN_UNUSED_VARIABLE = YES;
				IPHONEOS_DEPLOYMENT_TARGET = 8.0;
				MTL_ENABLE_DEBUG_INFO = YES;
				ONLY_ACTIVE_ARCH = YES;
				SDKROOT = iphoneos;
				SWIFT_ACTIVE_COMPILATION_CONDITIONS = DEBUG;
				SWIFT_OPTIMIZATION_LEVEL = "-Onone";
			};
			name = Debug;
		};
		8FD708F21EFA61D900E0547C /* Release */ = {
			isa = XCBuildConfiguration;
			buildSettings = {
				ALWAYS_SEARCH_USER_PATHS = NO;
				CLANG_ANALYZER_NONNULL = YES;
				CLANG_ANALYZER_NUMBER_OBJECT_CONVERSION = YES_AGGRESSIVE;
				CLANG_CXX_LANGUAGE_STANDARD = "gnu++0x";
				CLANG_CXX_LIBRARY = "libc++";
				CLANG_ENABLE_MODULES = YES;
				CLANG_ENABLE_OBJC_ARC = YES;
				CLANG_WARN_BOOL_CONVERSION = YES;
				CLANG_WARN_CONSTANT_CONVERSION = YES;
				CLANG_WARN_DIRECT_OBJC_ISA_USAGE = YES_ERROR;
				CLANG_WARN_DOCUMENTATION_COMMENTS = YES;
				CLANG_WARN_EMPTY_BODY = YES;
				CLANG_WARN_ENUM_CONVERSION = YES;
				CLANG_WARN_INFINITE_RECURSION = YES;
				CLANG_WARN_INT_CONVERSION = YES;
				CLANG_WARN_OBJC_ROOT_CLASS = YES_ERROR;
				CLANG_WARN_SUSPICIOUS_MOVE = YES;
				CLANG_WARN_UNREACHABLE_CODE = YES;
				CLANG_WARN__DUPLICATE_METHOD_MATCH = YES;
				"CODE_SIGN_IDENTITY[sdk=iphoneos*]" = "iPhone Developer";
				COPY_PHASE_STRIP = NO;
				DEBUG_INFORMATION_FORMAT = "dwarf-with-dsym";
				ENABLE_NS_ASSERTIONS = NO;
				ENABLE_STRICT_OBJC_MSGSEND = YES;
				GCC_C_LANGUAGE_STANDARD = gnu99;
				GCC_NO_COMMON_BLOCKS = YES;
				GCC_WARN_64_TO_32_BIT_CONVERSION = YES;
				GCC_WARN_ABOUT_RETURN_TYPE = YES_ERROR;
				GCC_WARN_UNDECLARED_SELECTOR = YES;
				GCC_WARN_UNINITIALIZED_AUTOS = YES_AGGRESSIVE;
				GCC_WARN_UNUSED_FUNCTION = YES;
				GCC_WARN_UNUSED_VARIABLE = YES;
				IPHONEOS_DEPLOYMENT_TARGET = 8.0;
				MTL_ENABLE_DEBUG_INFO = NO;
				SDKROOT = iphoneos;
				SWIFT_OPTIMIZATION_LEVEL = "-Owholemodule";
				VALIDATE_PRODUCT = YES;
			};
			name = Release;
		};
		8FD708F41EFA61D900E0547C /* Debug */ = {
			isa = XCBuildConfiguration;
			buildSettings = {
				ASSETCATALOG_COMPILER_APPICON_NAME = AppIcon;
				CLANG_ENABLE_MODULES = YES;
				DEVELOPMENT_TEAM = 6UGZ533E78;
				HEADER_SEARCH_PATHS = (
					"\"$(SRCROOT)/../../httpserverdebug/Classes\"/**",
					"\"$(SRCROOT)/../../ThirdParties/FMDB\"/**",
				);
				INFOPLIST_FILE = "$(SRCROOT)/Supporting Files/Info.plist";
				IPHONEOS_DEPLOYMENT_TARGET = 8.0;
				LD_RUNPATH_SEARCH_PATHS = "$(inherited) @executable_path/Frameworks";
				LIBRARY_SEARCH_PATHS = (
					"$(inherited)",
					"$(PROJECT_DIR)/HSD",
				);
				OTHER_LDFLAGS = (
					"$(inherited)",
					"-ObjC",
				);
				PRODUCT_BUNDLE_IDENTIFIER = io.github.rob2468.Closet;
				PRODUCT_NAME = "$(TARGET_NAME)";
				SWIFT_OBJC_BRIDGING_HEADER = "Supporting Files/Closet-Bridging-Header.h";
				SWIFT_OPTIMIZATION_LEVEL = "-Onone";
				SWIFT_VERSION = 3.0;
			};
			name = Debug;
		};
		8FD708F51EFA61D900E0547C /* Release */ = {
			isa = XCBuildConfiguration;
			buildSettings = {
				ASSETCATALOG_COMPILER_APPICON_NAME = AppIcon;
				CLANG_ENABLE_MODULES = YES;
				DEVELOPMENT_TEAM = 6UGZ533E78;
				HEADER_SEARCH_PATHS = (
					"\"$(SRCROOT)/../../httpserverdebug/Classes\"/**",
					"\"$(SRCROOT)/../../ThirdParties/FMDB\"/**",
				);
				INFOPLIST_FILE = "$(SRCROOT)/Supporting Files/Info.plist";
				IPHONEOS_DEPLOYMENT_TARGET = 8.0;
				LD_RUNPATH_SEARCH_PATHS = "$(inherited) @executable_path/Frameworks";
				LIBRARY_SEARCH_PATHS = (
					"$(inherited)",
					"$(PROJECT_DIR)/HSD",
				);
				OTHER_LDFLAGS = (
					"$(inherited)",
					"-ObjC",
				);
				PRODUCT_BUNDLE_IDENTIFIER = io.github.rob2468.Closet;
				PRODUCT_NAME = "$(TARGET_NAME)";
				SWIFT_OBJC_BRIDGING_HEADER = "Supporting Files/Closet-Bridging-Header.h";
				SWIFT_VERSION = 3.0;
			};
			name = Release;
		};
/* End XCBuildConfiguration section */

/* Begin XCConfigurationList section */
		8FD708DC1EFA61D900E0547C /* Build configuration list for PBXProject "Closet" */ = {
			isa = XCConfigurationList;
			buildConfigurations = (
				8FD708F11EFA61D900E0547C /* Debug */,
				8FD708F21EFA61D900E0547C /* Release */,
			);
			defaultConfigurationIsVisible = 0;
			defaultConfigurationName = Release;
		};
		8FD708F31EFA61D900E0547C /* Build configuration list for PBXNativeTarget "Closet" */ = {
			isa = XCConfigurationList;
			buildConfigurations = (
				8FD708F41EFA61D900E0547C /* Debug */,
				8FD708F51EFA61D900E0547C /* Release */,
			);
			defaultConfigurationIsVisible = 0;
			defaultConfigurationName = Release;
		};
/* End XCConfigurationList section */
	};
	rootObject = 8FD708D91EFA61D900E0547C /* Project object */;
}
